<?xml version="1.0" encoding="UTF-8"?>
<!DOCTYPE plist PUBLIC "-//Apple//DTD PLIST 1.0//EN" "http://www.apple.com/DTDs/PropertyList-1.0.dtd">
<plist version="1.0">
<dict>
	<key>archiveVersion</key>
	<string>1</string>
	<key>classes</key>
	<dict/>
	<key>objectVersion</key>
	<string>46</string>
	<key>objects</key>
	<dict>
		<key>306242416A215F7C744F88D9</key>
		<dict>
			<key>children</key>
			<array>
				<string>422A05F5146EA215855B065C</string>
				<string>BF1CC63CD896A88BA45335E0</string>
			</array>
			<key>isa</key>
			<string>PBXGroup</string>
			<key>name</key>
			<string>Pods</string>
			<key>sourceTree</key>
			<string>&lt;group&gt;</string>
		</dict>
		<key>30ED842F2E7608773308427F</key>
		<dict>
			<key>buildActionMask</key>
			<string>2147483647</string>
			<key>files</key>
			<array/>
			<key>inputPaths</key>
			<array/>
			<key>isa</key>
			<string>PBXShellScriptBuildPhase</string>
			<key>name</key>
			<string>Embed Pods Frameworks</string>
			<key>outputPaths</key>
			<array/>
			<key>runOnlyForDeploymentPostprocessing</key>
			<string>0</string>
			<key>shellPath</key>
			<string>/bin/sh</string>
			<key>shellScript</key>
			<string>"${SRCROOT}/Pods/Target Support Files/Pods-Pedagochi/Pods-Pedagochi-frameworks.sh"
</string>
			<key>showEnvVarsInLog</key>
			<string>0</string>
		</dict>
		<key>3CAF3BAB3F7969D39280157F</key>
		<dict>
			<key>fileRef</key>
			<string>C7797C9C3745C516BAB7F239</string>
			<key>isa</key>
			<string>PBXBuildFile</string>
		</dict>
		<key>422A05F5146EA215855B065C</key>
		<dict>
			<key>includeInIndex</key>
			<string>1</string>
			<key>isa</key>
			<string>PBXFileReference</string>
			<key>lastKnownFileType</key>
			<string>text.xcconfig</string>
			<key>name</key>
			<string>Pods-Pedagochi.debug.xcconfig</string>
			<key>path</key>
			<string>Pods/Target Support Files/Pods-Pedagochi/Pods-Pedagochi.debug.xcconfig</string>
			<key>sourceTree</key>
			<string>&lt;group&gt;</string>
		</dict>
		<key>7153008C08E51DA3D88BD6A8</key>
		<dict>
			<key>children</key>
			<array>
				<string>C7797C9C3745C516BAB7F239</string>
			</array>
			<key>isa</key>
			<string>PBXGroup</string>
			<key>name</key>
			<string>Frameworks</string>
			<key>sourceTree</key>
			<string>&lt;group&gt;</string>
		</dict>
		<key>8E5D363B16CCCD91C1E0A0A1</key>
		<dict>
			<key>buildActionMask</key>
			<string>2147483647</string>
			<key>files</key>
			<array/>
			<key>inputPaths</key>
			<array/>
			<key>isa</key>
			<string>PBXShellScriptBuildPhase</string>
			<key>name</key>
			<string>Copy Pods Resources</string>
			<key>outputPaths</key>
			<array/>
			<key>runOnlyForDeploymentPostprocessing</key>
			<string>0</string>
			<key>shellPath</key>
			<string>/bin/sh</string>
			<key>shellScript</key>
			<string>"${SRCROOT}/Pods/Target Support Files/Pods-Pedagochi/Pods-Pedagochi-resources.sh"
</string>
			<key>showEnvVarsInLog</key>
			<string>0</string>
		</dict>
		<key>8E896528717833F0F0ADB759</key>
		<dict>
			<key>buildActionMask</key>
			<string>2147483647</string>
			<key>files</key>
			<array/>
			<key>inputPaths</key>
			<array/>
			<key>isa</key>
			<string>PBXShellScriptBuildPhase</string>
			<key>name</key>
			<string>Check Pods Manifest.lock</string>
			<key>outputPaths</key>
			<array/>
			<key>runOnlyForDeploymentPostprocessing</key>
			<string>0</string>
			<key>shellPath</key>
			<string>/bin/sh</string>
			<key>shellScript</key>
			<string>diff "${PODS_ROOT}/../Podfile.lock" "${PODS_ROOT}/Manifest.lock" &gt; /dev/null
if [[ $? != 0 ]] ; then
    cat &lt;&lt; EOM
error: The sandbox is not in sync with the Podfile.lock. Run 'pod install' or update your CocoaPods installation.
EOM
    exit 1
fi
</string>
			<key>showEnvVarsInLog</key>
			<string>0</string>
		</dict>
		<key>AF0FC7241C726DB800BED1EF</key>
		<dict>
			<key>fileEncoding</key>
			<string>4</string>
			<key>isa</key>
			<string>PBXFileReference</string>
			<key>lastKnownFileType</key>
			<string>sourcecode.swift</string>
			<key>path</key>
			<string>HomeViewController.swift</string>
			<key>sourceTree</key>
			<string>&lt;group&gt;</string>
		</dict>
		<key>AF0FC7251C726DB800BED1EF</key>
		<dict>
			<key>fileRef</key>
			<string>AF0FC7241C726DB800BED1EF</string>
			<key>isa</key>
			<string>PBXBuildFile</string>
		</dict>
		<key>AF0FC7551C761A1800BED1EF</key>
		<dict>
			<key>fileEncoding</key>
			<string>4</string>
			<key>isa</key>
			<string>PBXFileReference</string>
			<key>lastKnownFileType</key>
			<string>sourcecode.swift</string>
			<key>name</key>
			<string>HeaderView.swift</string>
			<key>path</key>
			<string>../../../ExpandableTableView-master/UIExpandableTableView/HeaderView.swift</string>
			<key>sourceTree</key>
			<string>&lt;group&gt;</string>
		</dict>
		<key>AF0FC7561C761A1800BED1EF</key>
		<dict>
			<key>fileEncoding</key>
			<string>4</string>
			<key>isa</key>
			<string>PBXFileReference</string>
			<key>lastKnownFileType</key>
			<string>sourcecode.swift</string>
			<key>name</key>
			<string>UIExpandableTableView.swift</string>
			<key>path</key>
			<string>../../../ExpandableTableView-master/UIExpandableTableView/UIExpandableTableView.swift</string>
			<key>sourceTree</key>
			<string>&lt;group&gt;</string>
		</dict>
		<key>AF0FC7571C761A1800BED1EF</key>
		<dict>
			<key>fileRef</key>
			<string>AF0FC7551C761A1800BED1EF</string>
			<key>isa</key>
			<string>PBXBuildFile</string>
		</dict>
		<key>AF0FC7581C761A1800BED1EF</key>
		<dict>
			<key>fileRef</key>
			<string>AF0FC7561C761A1800BED1EF</string>
			<key>isa</key>
			<string>PBXBuildFile</string>
		</dict>
		<key>AF0FC7591C761A4700BED1EF</key>
		<dict>
			<key>children</key>
			<array>
				<string>AF0FC7551C761A1800BED1EF</string>
				<string>AF0FC75A1C761B0900BED1EF</string>
				<string>AF0FC7561C761A1800BED1EF</string>
			</array>
			<key>isa</key>
			<string>PBXGroup</string>
			<key>name</key>
			<string>ExpandableTableView</string>
			<key>path</key>
			<string>ExpandableTableView</string>
			<key>sourceTree</key>
			<string>&lt;group&gt;</string>
		</dict>
		<key>AF0FC75A1C761B0900BED1EF</key>
		<dict>
			<key>fileEncoding</key>
			<string>4</string>
			<key>isa</key>
			<string>PBXFileReference</string>
			<key>lastKnownFileType</key>
			<string>sourcecode.swift</string>
			<key>path</key>
			<string>HistoryViewController.swift</string>
			<key>sourceTree</key>
			<string>&lt;group&gt;</string>
		</dict>
		<key>AF0FC75B1C761B0900BED1EF</key>
		<dict>
			<key>fileRef</key>
			<string>AF0FC75A1C761B0900BED1EF</string>
			<key>isa</key>
			<string>PBXBuildFile</string>
		</dict>
		<key>AF39AAB71C6E19F8001D2291</key>
		<dict>
			<key>children</key>
			<array>
				<string>7153008C08E51DA3D88BD6A8</string>
				<string>AF39AAC21C6E19F8001D2291</string>
				<string>306242416A215F7C744F88D9</string>
				<string>AF39AAC11C6E19F8001D2291</string>
			</array>
			<key>isa</key>
			<string>PBXGroup</string>
			<key>sourceTree</key>
			<string>&lt;group&gt;</string>
		</dict>
		<key>AF39AAB81C6E19F8001D2291</key>
		<dict>
			<key>attributes</key>
			<dict>
				<key>LastSwiftUpdateCheck</key>
				<string>0720</string>
				<key>LastUpgradeCheck</key>
				<string>0720</string>
				<key>ORGANIZATIONNAME</key>
				<string>Tobi Adewuyi</string>
				<key>TargetAttributes</key>
				<dict>
					<key>AF39AABF1C6E19F8001D2291</key>
					<dict>
						<key>CreatedOnToolsVersion</key>
						<string>7.2.1</string>
						<key>DevelopmentTeam</key>
						<string>ZJE75568BW</string>
					</dict>
				</dict>
			</dict>
			<key>buildConfigurationList</key>
			<string>AF39AABB1C6E19F8001D2291</string>
			<key>compatibilityVersion</key>
			<string>Xcode 3.2</string>
			<key>developmentRegion</key>
			<string>English</string>
			<key>hasScannedForEncodings</key>
			<string>0</string>
			<key>isa</key>
			<string>PBXProject</string>
			<key>knownRegions</key>
			<array>
				<string>en</string>
				<string>Base</string>
			</array>
			<key>mainGroup</key>
			<string>AF39AAB71C6E19F8001D2291</string>
			<key>productRefGroup</key>
			<string>AF39AAC11C6E19F8001D2291</string>
			<key>projectDirPath</key>
			<string></string>
			<key>projectReferences</key>
			<array/>
			<key>projectRoot</key>
			<string></string>
			<key>targets</key>
			<array>
				<string>AF39AABF1C6E19F8001D2291</string>
			</array>
		</dict>
		<key>AF39AABB1C6E19F8001D2291</key>
		<dict>
			<key>buildConfigurations</key>
			<array>
				<string>AF39AAD01C6E19F8001D2291</string>
				<string>AF39AAD11C6E19F8001D2291</string>
			</array>
			<key>defaultConfigurationIsVisible</key>
			<string>0</string>
			<key>defaultConfigurationName</key>
			<string>Release</string>
			<key>isa</key>
			<string>XCConfigurationList</string>
		</dict>
		<key>AF39AABC1C6E19F8001D2291</key>
		<dict>
			<key>buildActionMask</key>
			<string>2147483647</string>
			<key>files</key>
			<array>
				<string>F74C70331CA4346700488495</string>
				<string>F71996801CA1B15E00ED1CA4</string>
				<string>F719966E1CA15E2500ED1CA4</string>
				<string>F74C70271CA3861000488495</string>
				<string>F719966B1CA15E2500ED1CA4</string>
				<string>F71996861CA1B7A500ED1CA4</string>
				<string>F71996881CA1C65000ED1CA4</string>
				<string>AF39AAD61C6E3EB8001D2291</string>
				<string>AF0FC7581C761A1800BED1EF</string>
				<string>F74C70301CA433E200488495</string>
				<string>F71996711CA15E2500ED1CA4</string>
				<string>F71996701CA15E2500ED1CA4</string>
				<string>F74C70251CA3860400488495</string>
				<string>F71996811CA1B15E00ED1CA4</string>
				<string>AF39AAD81C6E86B3001D2291</string>
				<string>F719966F1CA15E2500ED1CA4</string>
				<string>F719968C1CA2CE9900ED1CA4</string>
				<string>F719966C1CA15E2500ED1CA4</string>
				<string>AF0FC7251C726DB800BED1EF</string>
				<string>AF39AAC41C6E19F8001D2291</string>
				<string>AF0FC75B1C761B0900BED1EF</string>
				<string>F719966D1CA15E2500ED1CA4</string>
				<string>AF39AADA1C6E9368001D2291</string>
				<string>AF0FC7571C761A1800BED1EF</string>
			</array>
			<key>isa</key>
			<string>PBXSourcesBuildPhase</string>
			<key>runOnlyForDeploymentPostprocessing</key>
			<string>0</string>
		</dict>
		<key>AF39AABD1C6E19F8001D2291</key>
		<dict>
			<key>buildActionMask</key>
			<string>2147483647</string>
			<key>files</key>
			<array>
				<string>3CAF3BAB3F7969D39280157F</string>
			</array>
			<key>isa</key>
			<string>PBXFrameworksBuildPhase</string>
			<key>runOnlyForDeploymentPostprocessing</key>
			<string>0</string>
		</dict>
		<key>AF39AABE1C6E19F8001D2291</key>
		<dict>
			<key>buildActionMask</key>
			<string>2147483647</string>
			<key>files</key>
			<array>
				<string>AF39AACE1C6E19F8001D2291</string>
				<string>AF39AACB1C6E19F8001D2291</string>
				<string>F71996831CA1B15E00ED1CA4</string>
				<string>F71996821CA1B15E00ED1CA4</string>
				<string>AF39AAC91C6E19F8001D2291</string>
				<string>F71996841CA1B15E00ED1CA4</string>
				<string>F74C70291CA3862B00488495</string>
			</array>
			<key>isa</key>
			<string>PBXResourcesBuildPhase</string>
			<key>runOnlyForDeploymentPostprocessing</key>
			<string>0</string>
		</dict>
		<key>AF39AABF1C6E19F8001D2291</key>
		<dict>
			<key>buildConfigurationList</key>
			<string>AF39AAD21C6E19F8001D2291</string>
			<key>buildPhases</key>
			<array>
				<string>8E896528717833F0F0ADB759</string>
				<string>AF39AABC1C6E19F8001D2291</string>
				<string>AF39AABD1C6E19F8001D2291</string>
				<string>AF39AABE1C6E19F8001D2291</string>
				<string>30ED842F2E7608773308427F</string>
				<string>8E5D363B16CCCD91C1E0A0A1</string>
			</array>
			<key>buildRules</key>
			<array/>
			<key>dependencies</key>
			<array/>
			<key>isa</key>
			<string>PBXNativeTarget</string>
			<key>name</key>
			<string>Pedagochi</string>
			<key>productName</key>
			<string>Pedagochi</string>
			<key>productReference</key>
			<string>AF39AAC01C6E19F8001D2291</string>
			<key>productType</key>
			<string>com.apple.product-type.application</string>
		</dict>
		<key>AF39AAC01C6E19F8001D2291</key>
		<dict>
			<key>explicitFileType</key>
			<string>wrapper.application</string>
			<key>includeInIndex</key>
			<string>0</string>
			<key>isa</key>
			<string>PBXFileReference</string>
			<key>path</key>
			<string>Pedagochi.app</string>
			<key>sourceTree</key>
			<string>BUILT_PRODUCTS_DIR</string>
		</dict>
		<key>AF39AAC11C6E19F8001D2291</key>
		<dict>
			<key>children</key>
			<array>
				<string>AF39AAC01C6E19F8001D2291</string>
			</array>
			<key>isa</key>
			<string>PBXGroup</string>
			<key>name</key>
			<string>Products</string>
			<key>sourceTree</key>
			<string>&lt;group&gt;</string>
		</dict>
		<key>AF39AAC21C6E19F8001D2291</key>
		<dict>
			<key>children</key>
			<array>
				<string>F719965B1CA15E2400ED1CA4</string>
				<string>F74C70311CA4345200488495</string>
				<string>F74C702D1CA4336500488495</string>
				<string>F74C70221CA385D600488495</string>
				<string>F71996761CA1B15E00ED1CA4</string>
				<string>AF0FC7591C761A4700BED1EF</string>
				<string>F74C702E1CA433B100488495</string>
				<string>AF39AAC31C6E19F8001D2291</string>
				<string>AF39AACA1C6E19F8001D2291</string>
				<string>AF39AACF1C6E19F8001D2291</string>
				<string>AF39AACC1C6E19F8001D2291</string>
				<string>AF39AAC71C6E19F8001D2291</string>
				<string>F71996721CA15F3600ED1CA4</string>
			</array>
			<key>isa</key>
			<string>PBXGroup</string>
			<key>path</key>
			<string>Pedagochi</string>
			<key>sourceTree</key>
			<string>&lt;group&gt;</string>
		</dict>
		<key>AF39AAC31C6E19F8001D2291</key>
		<dict>
			<key>isa</key>
			<string>PBXFileReference</string>
			<key>lastKnownFileType</key>
			<string>sourcecode.swift</string>
			<key>path</key>
			<string>AppDelegate.swift</string>
			<key>sourceTree</key>
			<string>&lt;group&gt;</string>
		</dict>
		<key>AF39AAC41C6E19F8001D2291</key>
		<dict>
			<key>fileRef</key>
			<string>AF39AAC31C6E19F8001D2291</string>
			<key>isa</key>
			<string>PBXBuildFile</string>
		</dict>
		<key>AF39AAC71C6E19F8001D2291</key>
		<dict>
			<key>children</key>
			<array>
				<string>AF39AAC81C6E19F8001D2291</string>
			</array>
			<key>isa</key>
			<string>PBXVariantGroup</string>
			<key>name</key>
			<string>Main.storyboard</string>
			<key>path</key>
			<string>.</string>
			<key>sourceTree</key>
			<string>&lt;group&gt;</string>
		</dict>
		<key>AF39AAC81C6E19F8001D2291</key>
		<dict>
			<key>isa</key>
			<string>PBXFileReference</string>
			<key>lastKnownFileType</key>
			<string>file.storyboard</string>
			<key>name</key>
			<string>Base</string>
			<key>path</key>
			<string>Base.lproj/Main.storyboard</string>
			<key>sourceTree</key>
			<string>&lt;group&gt;</string>
		</dict>
		<key>AF39AAC91C6E19F8001D2291</key>
		<dict>
			<key>fileRef</key>
			<string>AF39AAC71C6E19F8001D2291</string>
			<key>isa</key>
			<string>PBXBuildFile</string>
		</dict>
		<key>AF39AACA1C6E19F8001D2291</key>
		<dict>
			<key>isa</key>
			<string>PBXFileReference</string>
			<key>lastKnownFileType</key>
			<string>folder.assetcatalog</string>
			<key>path</key>
			<string>Assets.xcassets</string>
			<key>sourceTree</key>
			<string>&lt;group&gt;</string>
		</dict>
		<key>AF39AACB1C6E19F8001D2291</key>
		<dict>
			<key>fileRef</key>
			<string>AF39AACA1C6E19F8001D2291</string>
			<key>isa</key>
			<string>PBXBuildFile</string>
		</dict>
		<key>AF39AACC1C6E19F8001D2291</key>
		<dict>
			<key>children</key>
			<array>
				<string>AF39AACD1C6E19F8001D2291</string>
			</array>
			<key>isa</key>
			<string>PBXVariantGroup</string>
			<key>name</key>
			<string>LaunchScreen.storyboard</string>
			<key>path</key>
			<string>.</string>
			<key>sourceTree</key>
			<string>&lt;group&gt;</string>
		</dict>
		<key>AF39AACD1C6E19F8001D2291</key>
		<dict>
			<key>isa</key>
			<string>PBXFileReference</string>
			<key>lastKnownFileType</key>
			<string>file.storyboard</string>
			<key>name</key>
			<string>Base</string>
			<key>path</key>
			<string>Base.lproj/LaunchScreen.storyboard</string>
			<key>sourceTree</key>
			<string>&lt;group&gt;</string>
		</dict>
		<key>AF39AACE1C6E19F8001D2291</key>
		<dict>
			<key>fileRef</key>
			<string>AF39AACC1C6E19F8001D2291</string>
			<key>isa</key>
			<string>PBXBuildFile</string>
		</dict>
		<key>AF39AACF1C6E19F8001D2291</key>
		<dict>
			<key>isa</key>
			<string>PBXFileReference</string>
			<key>lastKnownFileType</key>
			<string>text.plist.xml</string>
			<key>path</key>
			<string>Info.plist</string>
			<key>sourceTree</key>
			<string>&lt;group&gt;</string>
		</dict>
		<key>AF39AAD01C6E19F8001D2291</key>
		<dict>
			<key>buildSettings</key>
			<dict>
				<key>ALWAYS_SEARCH_USER_PATHS</key>
				<string>NO</string>
				<key>CLANG_CXX_LANGUAGE_STANDARD</key>
				<string>gnu++0x</string>
				<key>CLANG_CXX_LIBRARY</key>
				<string>libc++</string>
				<key>CLANG_ENABLE_MODULES</key>
				<string>YES</string>
				<key>CLANG_ENABLE_OBJC_ARC</key>
				<string>YES</string>
				<key>CLANG_WARN_BOOL_CONVERSION</key>
				<string>YES</string>
				<key>CLANG_WARN_CONSTANT_CONVERSION</key>
				<string>YES</string>
				<key>CLANG_WARN_DIRECT_OBJC_ISA_USAGE</key>
				<string>YES_ERROR</string>
				<key>CLANG_WARN_EMPTY_BODY</key>
				<string>YES</string>
				<key>CLANG_WARN_ENUM_CONVERSION</key>
				<string>YES</string>
				<key>CLANG_WARN_INT_CONVERSION</key>
				<string>YES</string>
				<key>CLANG_WARN_OBJC_ROOT_CLASS</key>
				<string>YES_ERROR</string>
				<key>CLANG_WARN_UNREACHABLE_CODE</key>
				<string>YES</string>
				<key>CLANG_WARN__DUPLICATE_METHOD_MATCH</key>
				<string>YES</string>
				<key>CODE_SIGN_IDENTITY[sdk=iphoneos*]</key>
				<string>iPhone Developer</string>
				<key>COPY_PHASE_STRIP</key>
				<string>NO</string>
				<key>DEBUG_INFORMATION_FORMAT</key>
				<string>dwarf</string>
				<key>ENABLE_STRICT_OBJC_MSGSEND</key>
				<string>YES</string>
				<key>ENABLE_TESTABILITY</key>
				<string>YES</string>
				<key>GCC_C_LANGUAGE_STANDARD</key>
				<string>gnu99</string>
				<key>GCC_DYNAMIC_NO_PIC</key>
				<string>NO</string>
				<key>GCC_NO_COMMON_BLOCKS</key>
				<string>YES</string>
				<key>GCC_OPTIMIZATION_LEVEL</key>
				<string>0</string>
				<key>GCC_PREPROCESSOR_DEFINITIONS</key>
				<array>
					<string>DEBUG=1</string>
					<string>$(inherited)</string>
				</array>
				<key>GCC_WARN_64_TO_32_BIT_CONVERSION</key>
				<string>YES</string>
				<key>GCC_WARN_ABOUT_RETURN_TYPE</key>
				<string>YES_ERROR</string>
				<key>GCC_WARN_UNDECLARED_SELECTOR</key>
				<string>YES</string>
				<key>GCC_WARN_UNINITIALIZED_AUTOS</key>
				<string>YES_AGGRESSIVE</string>
				<key>GCC_WARN_UNUSED_FUNCTION</key>
				<string>YES</string>
				<key>GCC_WARN_UNUSED_VARIABLE</key>
				<string>YES</string>
				<key>IPHONEOS_DEPLOYMENT_TARGET</key>
				<string>9.2</string>
				<key>MTL_ENABLE_DEBUG_INFO</key>
				<string>YES</string>
				<key>ONLY_ACTIVE_ARCH</key>
				<string>YES</string>
				<key>SDKROOT</key>
				<string>iphoneos</string>
				<key>SWIFT_OPTIMIZATION_LEVEL</key>
				<string>-Onone</string>
			</dict>
			<key>isa</key>
			<string>XCBuildConfiguration</string>
			<key>name</key>
			<string>Debug</string>
		</dict>
		<key>AF39AAD11C6E19F8001D2291</key>
		<dict>
			<key>buildSettings</key>
			<dict>
				<key>ALWAYS_SEARCH_USER_PATHS</key>
				<string>NO</string>
				<key>CLANG_CXX_LANGUAGE_STANDARD</key>
				<string>gnu++0x</string>
				<key>CLANG_CXX_LIBRARY</key>
				<string>libc++</string>
				<key>CLANG_ENABLE_MODULES</key>
				<string>YES</string>
				<key>CLANG_ENABLE_OBJC_ARC</key>
				<string>YES</string>
				<key>CLANG_WARN_BOOL_CONVERSION</key>
				<string>YES</string>
				<key>CLANG_WARN_CONSTANT_CONVERSION</key>
				<string>YES</string>
				<key>CLANG_WARN_DIRECT_OBJC_ISA_USAGE</key>
				<string>YES_ERROR</string>
				<key>CLANG_WARN_EMPTY_BODY</key>
				<string>YES</string>
				<key>CLANG_WARN_ENUM_CONVERSION</key>
				<string>YES</string>
				<key>CLANG_WARN_INT_CONVERSION</key>
				<string>YES</string>
				<key>CLANG_WARN_OBJC_ROOT_CLASS</key>
				<string>YES_ERROR</string>
				<key>CLANG_WARN_UNREACHABLE_CODE</key>
				<string>YES</string>
				<key>CLANG_WARN__DUPLICATE_METHOD_MATCH</key>
				<string>YES</string>
				<key>CODE_SIGN_IDENTITY[sdk=iphoneos*]</key>
				<string>iPhone Developer</string>
				<key>COPY_PHASE_STRIP</key>
				<string>NO</string>
				<key>DEBUG_INFORMATION_FORMAT</key>
				<string>dwarf-with-dsym</string>
				<key>ENABLE_NS_ASSERTIONS</key>
				<string>NO</string>
				<key>ENABLE_STRICT_OBJC_MSGSEND</key>
				<string>YES</string>
				<key>GCC_C_LANGUAGE_STANDARD</key>
				<string>gnu99</string>
				<key>GCC_NO_COMMON_BLOCKS</key>
				<string>YES</string>
				<key>GCC_WARN_64_TO_32_BIT_CONVERSION</key>
				<string>YES</string>
				<key>GCC_WARN_ABOUT_RETURN_TYPE</key>
				<string>YES_ERROR</string>
				<key>GCC_WARN_UNDECLARED_SELECTOR</key>
				<string>YES</string>
				<key>GCC_WARN_UNINITIALIZED_AUTOS</key>
				<string>YES_AGGRESSIVE</string>
				<key>GCC_WARN_UNUSED_FUNCTION</key>
				<string>YES</string>
				<key>GCC_WARN_UNUSED_VARIABLE</key>
				<string>YES</string>
				<key>IPHONEOS_DEPLOYMENT_TARGET</key>
				<string>9.2</string>
				<key>MTL_ENABLE_DEBUG_INFO</key>
				<string>NO</string>
				<key>SDKROOT</key>
				<string>iphoneos</string>
				<key>VALIDATE_PRODUCT</key>
				<string>YES</string>
			</dict>
			<key>isa</key>
			<string>XCBuildConfiguration</string>
			<key>name</key>
			<string>Release</string>
		</dict>
		<key>AF39AAD21C6E19F8001D2291</key>
		<dict>
			<key>buildConfigurations</key>
			<array>
				<string>AF39AAD31C6E19F8001D2291</string>
				<string>AF39AAD41C6E19F8001D2291</string>
			</array>
			<key>defaultConfigurationIsVisible</key>
			<string>0</string>
			<key>defaultConfigurationName</key>
			<string>Release</string>
			<key>isa</key>
			<string>XCConfigurationList</string>
		</dict>
		<key>AF39AAD31C6E19F8001D2291</key>
		<dict>
			<key>baseConfigurationReference</key>
			<string>422A05F5146EA215855B065C</string>
			<key>buildSettings</key>
			<dict>
				<key>ASSETCATALOG_COMPILER_APPICON_NAME</key>
				<string>AppIcon</string>
				<key>CODE_SIGN_IDENTITY</key>
				<string>iPhone Developer</string>
				<key>CODE_SIGN_IDENTITY[sdk=iphoneos*]</key>
				<string>iPhone Developer</string>
				<key>INFOPLIST_FILE</key>
				<string>Pedagochi/Info.plist</string>
				<key>LD_RUNPATH_SEARCH_PATHS</key>
				<string>$(inherited) @executable_path/Frameworks</string>
				<key>PRODUCT_BUNDLE_IDENTIFIER</key>
				<string>com.imperial.tobi.Pedagochi</string>
				<key>PRODUCT_NAME</key>
				<string>$(TARGET_NAME)</string>
				<key>PROVISIONING_PROFILE</key>
				<string></string>
				<key>SWIFT_OBJC_BRIDGING_HEADER</key>
				<string>/Users/lanre/Desktop/Tobi Swift/Pedagochi/Pedagochi/Pedagochi-Bridging-Header.h</string>
			</dict>
			<key>isa</key>
			<string>XCBuildConfiguration</string>
			<key>name</key>
			<string>Debug</string>
		</dict>
		<key>AF39AAD41C6E19F8001D2291</key>
		<dict>
			<key>baseConfigurationReference</key>
			<string>BF1CC63CD896A88BA45335E0</string>
			<key>buildSettings</key>
			<dict>
				<key>ASSETCATALOG_COMPILER_APPICON_NAME</key>
				<string>AppIcon</string>
				<key>CODE_SIGN_IDENTITY</key>
				<string>iPhone Developer</string>
				<key>CODE_SIGN_IDENTITY[sdk=iphoneos*]</key>
				<string>iPhone Developer</string>
				<key>INFOPLIST_FILE</key>
				<string>Pedagochi/Info.plist</string>
				<key>LD_RUNPATH_SEARCH_PATHS</key>
				<string>$(inherited) @executable_path/Frameworks</string>
				<key>PRODUCT_BUNDLE_IDENTIFIER</key>
				<string>com.imperial.tobi.Pedagochi</string>
				<key>PRODUCT_NAME</key>
				<string>$(TARGET_NAME)</string>
				<key>PROVISIONING_PROFILE</key>
				<string></string>
				<key>SWIFT_OBJC_BRIDGING_HEADER</key>
				<string>/Users/lanre/Desktop/Tobi Swift/Pedagochi/Pedagochi/Pedagochi-Bridging-Header.h</string>
			</dict>
			<key>isa</key>
			<string>XCBuildConfiguration</string>
			<key>name</key>
			<string>Release</string>
		</dict>
		<key>AF39AAD51C6E3EB8001D2291</key>
		<dict>
			<key>fileEncoding</key>
			<string>4</string>
			<key>isa</key>
			<string>PBXFileReference</string>
			<key>lastKnownFileType</key>
			<string>sourcecode.swift</string>
			<key>path</key>
			<string>LoginViewController.swift</string>
			<key>sourceTree</key>
			<string>&lt;group&gt;</string>
		</dict>
		<key>AF39AAD61C6E3EB8001D2291</key>
		<dict>
			<key>fileRef</key>
			<string>AF39AAD51C6E3EB8001D2291</string>
			<key>isa</key>
			<string>PBXBuildFile</string>
		</dict>
		<key>AF39AAD71C6E86B3001D2291</key>
		<dict>
			<key>fileEncoding</key>
			<string>4</string>
			<key>isa</key>
			<string>PBXFileReference</string>
			<key>lastKnownFileType</key>
			<string>sourcecode.swift</string>
			<key>path</key>
			<string>PedagochiEntry.swift</string>
			<key>sourceTree</key>
			<string>&lt;group&gt;</string>
		</dict>
		<key>AF39AAD81C6E86B3001D2291</key>
		<dict>
			<key>fileRef</key>
			<string>AF39AAD71C6E86B3001D2291</string>
			<key>isa</key>
			<string>PBXBuildFile</string>
		</dict>
		<key>AF39AAD91C6E9368001D2291</key>
		<dict>
			<key>fileEncoding</key>
			<string>4</string>
			<key>isa</key>
			<string>PBXFileReference</string>
			<key>lastKnownFileType</key>
			<string>sourcecode.swift</string>
			<key>path</key>
			<string>Insulin.swift</string>
			<key>sourceTree</key>
			<string>&lt;group&gt;</string>
		</dict>
		<key>AF39AADA1C6E9368001D2291</key>
		<dict>
			<key>fileRef</key>
			<string>AF39AAD91C6E9368001D2291</string>
			<key>isa</key>
			<string>PBXBuildFile</string>
		</dict>
		<key>BF1CC63CD896A88BA45335E0</key>
		<dict>
			<key>includeInIndex</key>
			<string>1</string>
			<key>isa</key>
			<string>PBXFileReference</string>
			<key>lastKnownFileType</key>
			<string>text.xcconfig</string>
			<key>name</key>
			<string>Pods-Pedagochi.release.xcconfig</string>
			<key>path</key>
			<string>Pods/Target Support Files/Pods-Pedagochi/Pods-Pedagochi.release.xcconfig</string>
			<key>sourceTree</key>
			<string>&lt;group&gt;</string>
		</dict>
		<key>C7797C9C3745C516BAB7F239</key>
		<dict>
			<key>explicitFileType</key>
			<string>wrapper.framework</string>
			<key>includeInIndex</key>
			<string>0</string>
			<key>isa</key>
			<string>PBXFileReference</string>
			<key>path</key>
			<string>Pods_Pedagochi.framework</string>
			<key>sourceTree</key>
			<string>BUILT_PRODUCTS_DIR</string>
		</dict>
		<key>F719965B1CA15E2400ED1CA4</key>
		<dict>
			<key>children</key>
			<array>
				<string>F71996621CA15E2400ED1CA4</string>
				<string>F719965C1CA15E2400ED1CA4</string>
				<string>F719965D1CA15E2400ED1CA4</string>
				<string>F719965E1CA15E2400ED1CA4</string>
				<string>F719965F1CA15E2400ED1CA4</string>
				<string>F71996601CA15E2400ED1CA4</string>
				<string>F71996611CA15E2400ED1CA4</string>
			</array>
			<key>isa</key>
			<string>PBXGroup</string>
			<key>path</key>
			<string>CLWeeklyCalendarViewSourceCode</string>
			<key>sourceTree</key>
			<string>&lt;group&gt;</string>
		</dict>
		<key>F719965C1CA15E2400ED1CA4</key>
		<dict>
			<key>fileEncoding</key>
			<string>4</string>
			<key>isa</key>
			<string>PBXFileReference</string>
			<key>lastKnownFileType</key>
			<string>sourcecode.c.h</string>
			<key>path</key>
			<string>CLWeeklyCalendarView.h</string>
			<key>sourceTree</key>
			<string>&lt;group&gt;</string>
		</dict>
		<key>F719965D1CA15E2400ED1CA4</key>
		<dict>
			<key>fileEncoding</key>
			<string>4</string>
			<key>isa</key>
			<string>PBXFileReference</string>
			<key>lastKnownFileType</key>
			<string>sourcecode.c.objc</string>
			<key>path</key>
			<string>CLWeeklyCalendarView.m</string>
			<key>sourceTree</key>
			<string>&lt;group&gt;</string>
		</dict>
		<key>F719965E1CA15E2400ED1CA4</key>
		<dict>
			<key>fileEncoding</key>
			<string>4</string>
			<key>isa</key>
			<string>PBXFileReference</string>
			<key>lastKnownFileType</key>
			<string>sourcecode.c.h</string>
			<key>path</key>
			<string>DailyCalendarView.h</string>
			<key>sourceTree</key>
			<string>&lt;group&gt;</string>
		</dict>
		<key>F719965F1CA15E2400ED1CA4</key>
		<dict>
			<key>fileEncoding</key>
			<string>4</string>
			<key>isa</key>
			<string>PBXFileReference</string>
			<key>lastKnownFileType</key>
			<string>sourcecode.c.objc</string>
			<key>path</key>
			<string>DailyCalendarView.m</string>
			<key>sourceTree</key>
			<string>&lt;group&gt;</string>
		</dict>
		<key>F71996601CA15E2400ED1CA4</key>
		<dict>
			<key>fileEncoding</key>
			<string>4</string>
			<key>isa</key>
			<string>PBXFileReference</string>
			<key>lastKnownFileType</key>
			<string>sourcecode.c.h</string>
			<key>path</key>
			<string>DayTitleLabel.h</string>
			<key>sourceTree</key>
			<string>&lt;group&gt;</string>
		</dict>
		<key>F71996611CA15E2400ED1CA4</key>
		<dict>
			<key>fileEncoding</key>
			<string>4</string>
			<key>isa</key>
			<string>PBXFileReference</string>
			<key>lastKnownFileType</key>
			<string>sourcecode.c.objc</string>
			<key>path</key>
			<string>DayTitleLabel.m</string>
			<key>sourceTree</key>
			<string>&lt;group&gt;</string>
		</dict>
		<key>F71996621CA15E2400ED1CA4</key>
		<dict>
			<key>children</key>
			<array>
				<string>F71996631CA15E2400ED1CA4</string>
				<string>F71996641CA15E2400ED1CA4</string>
				<string>F71996651CA15E2400ED1CA4</string>
				<string>F71996661CA15E2400ED1CA4</string>
				<string>F71996671CA15E2400ED1CA4</string>
				<string>F71996681CA15E2400ED1CA4</string>
				<string>F71996691CA15E2400ED1CA4</string>
				<string>F719966A1CA15E2400ED1CA4</string>
			</array>
			<key>isa</key>
			<string>PBXGroup</string>
			<key>path</key>
			<string>Misc</string>
			<key>sourceTree</key>
			<string>&lt;group&gt;</string>
		</dict>
		<key>F71996631CA15E2400ED1CA4</key>
		<dict>
			<key>fileEncoding</key>
			<string>4</string>
			<key>isa</key>
			<string>PBXFileReference</string>
			<key>lastKnownFileType</key>
			<string>sourcecode.c.h</string>
			<key>path</key>
			<string>NSDate+CL.h</string>
			<key>sourceTree</key>
			<string>&lt;group&gt;</string>
		</dict>
		<key>F71996641CA15E2400ED1CA4</key>
		<dict>
			<key>fileEncoding</key>
			<string>4</string>
			<key>isa</key>
			<string>PBXFileReference</string>
			<key>lastKnownFileType</key>
			<string>sourcecode.c.objc</string>
			<key>path</key>
			<string>NSDate+CL.m</string>
			<key>sourceTree</key>
			<string>&lt;group&gt;</string>
		</dict>
		<key>F71996651CA15E2400ED1CA4</key>
		<dict>
			<key>fileEncoding</key>
			<string>4</string>
			<key>isa</key>
			<string>PBXFileReference</string>
			<key>lastKnownFileType</key>
			<string>sourcecode.c.h</string>
			<key>path</key>
			<string>NSDictionary+CL.h</string>
			<key>sourceTree</key>
			<string>&lt;group&gt;</string>
		</dict>
		<key>F71996661CA15E2400ED1CA4</key>
		<dict>
			<key>fileEncoding</key>
			<string>4</string>
			<key>isa</key>
			<string>PBXFileReference</string>
			<key>lastKnownFileType</key>
			<string>sourcecode.c.objc</string>
			<key>path</key>
			<string>NSDictionary+CL.m</string>
			<key>sourceTree</key>
			<string>&lt;group&gt;</string>
		</dict>
		<key>F71996671CA15E2400ED1CA4</key>
		<dict>
			<key>fileEncoding</key>
			<string>4</string>
			<key>isa</key>
			<string>PBXFileReference</string>
			<key>lastKnownFileType</key>
			<string>sourcecode.c.h</string>
			<key>path</key>
			<string>UIColor+CL.h</string>
			<key>sourceTree</key>
			<string>&lt;group&gt;</string>
		</dict>
		<key>F71996681CA15E2400ED1CA4</key>
		<dict>
			<key>fileEncoding</key>
			<string>4</string>
			<key>isa</key>
			<string>PBXFileReference</string>
			<key>lastKnownFileType</key>
			<string>sourcecode.c.objc</string>
			<key>path</key>
			<string>UIColor+CL.m</string>
			<key>sourceTree</key>
			<string>&lt;group&gt;</string>
		</dict>
		<key>F71996691CA15E2400ED1CA4</key>
		<dict>
			<key>fileEncoding</key>
			<string>4</string>
			<key>isa</key>
			<string>PBXFileReference</string>
			<key>lastKnownFileType</key>
			<string>sourcecode.c.h</string>
			<key>path</key>
			<string>UIImage+CL.h</string>
			<key>sourceTree</key>
			<string>&lt;group&gt;</string>
		</dict>
		<key>F719966A1CA15E2400ED1CA4</key>
		<dict>
			<key>fileEncoding</key>
			<string>4</string>
			<key>isa</key>
			<string>PBXFileReference</string>
			<key>lastKnownFileType</key>
			<string>sourcecode.c.objc</string>
			<key>path</key>
			<string>UIImage+CL.m</string>
			<key>sourceTree</key>
			<string>&lt;group&gt;</string>
		</dict>
		<key>F719966B1CA15E2500ED1CA4</key>
		<dict>
			<key>fileRef</key>
			<string>F719965D1CA15E2400ED1CA4</string>
			<key>isa</key>
			<string>PBXBuildFile</string>
		</dict>
		<key>F719966C1CA15E2500ED1CA4</key>
		<dict>
			<key>fileRef</key>
			<string>F719965F1CA15E2400ED1CA4</string>
			<key>isa</key>
			<string>PBXBuildFile</string>
		</dict>
		<key>F719966D1CA15E2500ED1CA4</key>
		<dict>
			<key>fileRef</key>
			<string>F71996611CA15E2400ED1CA4</string>
			<key>isa</key>
			<string>PBXBuildFile</string>
		</dict>
		<key>F719966E1CA15E2500ED1CA4</key>
		<dict>
			<key>fileRef</key>
			<string>F71996641CA15E2400ED1CA4</string>
			<key>isa</key>
			<string>PBXBuildFile</string>
		</dict>
		<key>F719966F1CA15E2500ED1CA4</key>
		<dict>
			<key>fileRef</key>
			<string>F71996661CA15E2400ED1CA4</string>
			<key>isa</key>
			<string>PBXBuildFile</string>
		</dict>
		<key>F71996701CA15E2500ED1CA4</key>
		<dict>
			<key>fileRef</key>
			<string>F71996681CA15E2400ED1CA4</string>
			<key>isa</key>
			<string>PBXBuildFile</string>
		</dict>
		<key>F71996711CA15E2500ED1CA4</key>
		<dict>
			<key>fileRef</key>
			<string>F719966A1CA15E2400ED1CA4</string>
			<key>isa</key>
			<string>PBXBuildFile</string>
		</dict>
		<key>F71996721CA15F3600ED1CA4</key>
		<dict>
			<key>isa</key>
			<string>PBXFileReference</string>
			<key>lastKnownFileType</key>
			<string>sourcecode.c.h</string>
			<key>path</key>
			<string>Pedagochi-Bridging-Header.h</string>
			<key>sourceTree</key>
			<string>&lt;group&gt;</string>
		</dict>
		<key>F71996761CA1B15E00ED1CA4</key>
		<dict>
			<key>children</key>
			<array>
				<string>F71996771CA1B15E00ED1CA4</string>
				<string>F719967C1CA1B15E00ED1CA4</string>
			</array>
			<key>isa</key>
			<string>PBXGroup</string>
			<key>path</key>
			<string>DCPathButton</string>
			<key>sourceTree</key>
			<string>&lt;group&gt;</string>
		</dict>
		<key>F71996771CA1B15E00ED1CA4</key>
		<dict>
			<key>children</key>
			<array>
				<string>F71996781CA1B15E00ED1CA4</string>
				<string>F71996791CA1B15E00ED1CA4</string>
				<string>F719967A1CA1B15E00ED1CA4</string>
				<string>F719967B1CA1B15E00ED1CA4</string>
			</array>
			<key>isa</key>
			<string>PBXGroup</string>
			<key>path</key>
			<string>Classes</string>
			<key>sourceTree</key>
			<string>&lt;group&gt;</string>
		</dict>
		<key>F71996781CA1B15E00ED1CA4</key>
		<dict>
			<key>fileEncoding</key>
			<string>4</string>
			<key>isa</key>
			<string>PBXFileReference</string>
			<key>lastKnownFileType</key>
			<string>sourcecode.c.h</string>
			<key>path</key>
			<string>DCPathButton.h</string>
			<key>sourceTree</key>
			<string>&lt;group&gt;</string>
		</dict>
		<key>F71996791CA1B15E00ED1CA4</key>
		<dict>
			<key>fileEncoding</key>
			<string>4</string>
			<key>isa</key>
			<string>PBXFileReference</string>
			<key>lastKnownFileType</key>
			<string>sourcecode.c.objc</string>
			<key>path</key>
			<string>DCPathButton.m</string>
			<key>sourceTree</key>
			<string>&lt;group&gt;</string>
		</dict>
		<key>F719967A1CA1B15E00ED1CA4</key>
		<dict>
			<key>fileEncoding</key>
			<string>4</string>
			<key>isa</key>
			<string>PBXFileReference</string>
			<key>lastKnownFileType</key>
			<string>sourcecode.c.h</string>
			<key>path</key>
			<string>DCPathItemButton.h</string>
			<key>sourceTree</key>
			<string>&lt;group&gt;</string>
		</dict>
		<key>F719967B1CA1B15E00ED1CA4</key>
		<dict>
			<key>fileEncoding</key>
			<string>4</string>
			<key>isa</key>
			<string>PBXFileReference</string>
			<key>lastKnownFileType</key>
			<string>sourcecode.c.objc</string>
			<key>path</key>
			<string>DCPathItemButton.m</string>
			<key>sourceTree</key>
			<string>&lt;group&gt;</string>
		</dict>
		<key>F719967C1CA1B15E00ED1CA4</key>
		<dict>
			<key>children</key>
			<array>
				<string>F719967D1CA1B15E00ED1CA4</string>
				<string>F719967E1CA1B15E00ED1CA4</string>
				<string>F719967F1CA1B15E00ED1CA4</string>
			</array>
			<key>isa</key>
			<string>PBXGroup</string>
			<key>path</key>
			<string>Sounds</string>
			<key>sourceTree</key>
			<string>&lt;group&gt;</string>
		</dict>
		<key>F719967D1CA1B15E00ED1CA4</key>
		<dict>
			<key>isa</key>
			<string>PBXFileReference</string>
			<key>lastKnownFileType</key>
			<string>file</string>
			<key>path</key>
			<string>bloom.caf</string>
			<key>sourceTree</key>
			<string>&lt;group&gt;</string>
		</dict>
		<key>F719967E1CA1B15E00ED1CA4</key>
		<dict>
			<key>isa</key>
			<string>PBXFileReference</string>
			<key>lastKnownFileType</key>
			<string>file</string>
			<key>path</key>
			<string>fold.caf</string>
			<key>sourceTree</key>
			<string>&lt;group&gt;</string>
		</dict>
		<key>F719967F1CA1B15E00ED1CA4</key>
		<dict>
			<key>isa</key>
			<string>PBXFileReference</string>
			<key>lastKnownFileType</key>
			<string>file</string>
			<key>path</key>
			<string>selected.caf</string>
			<key>sourceTree</key>
			<string>&lt;group&gt;</string>
		</dict>
		<key>F71996801CA1B15E00ED1CA4</key>
		<dict>
			<key>fileRef</key>
			<string>F71996791CA1B15E00ED1CA4</string>
			<key>isa</key>
			<string>PBXBuildFile</string>
		</dict>
		<key>F71996811CA1B15E00ED1CA4</key>
		<dict>
			<key>fileRef</key>
			<string>F719967B1CA1B15E00ED1CA4</string>
			<key>isa</key>
			<string>PBXBuildFile</string>
		</dict>
		<key>F71996821CA1B15E00ED1CA4</key>
		<dict>
			<key>fileRef</key>
			<string>F719967D1CA1B15E00ED1CA4</string>
			<key>isa</key>
			<string>PBXBuildFile</string>
		</dict>
		<key>F71996831CA1B15E00ED1CA4</key>
		<dict>
			<key>fileRef</key>
			<string>F719967E1CA1B15E00ED1CA4</string>
			<key>isa</key>
			<string>PBXBuildFile</string>
		</dict>
		<key>F71996841CA1B15E00ED1CA4</key>
		<dict>
			<key>fileRef</key>
			<string>F719967F1CA1B15E00ED1CA4</string>
			<key>isa</key>
			<string>PBXBuildFile</string>
		</dict>
		<key>F71996851CA1B7A500ED1CA4</key>
		<dict>
			<key>fileEncoding</key>
			<string>4</string>
			<key>isa</key>
			<string>PBXFileReference</string>
			<key>lastKnownFileType</key>
			<string>sourcecode.swift</string>
			<key>path</key>
			<string>TabBarViewController.swift</string>
			<key>sourceTree</key>
			<string>&lt;group&gt;</string>
		</dict>
		<key>F71996861CA1B7A500ED1CA4</key>
		<dict>
			<key>fileRef</key>
			<string>F71996851CA1B7A500ED1CA4</string>
			<key>isa</key>
			<string>PBXBuildFile</string>
		</dict>
		<key>F71996871CA1C64F00ED1CA4</key>
		<dict>
			<key>fileEncoding</key>
			<string>4</string>
			<key>isa</key>
			<string>PBXFileReference</string>
			<key>lastKnownFileType</key>
			<string>sourcecode.swift</string>
			<key>path</key>
			<string>NewBGEntryViewController.swift</string>
			<key>sourceTree</key>
			<string>&lt;group&gt;</string>
		</dict>
		<key>F71996881CA1C65000ED1CA4</key>
		<dict>
			<key>fileRef</key>
			<string>F71996871CA1C64F00ED1CA4</string>
			<key>isa</key>
			<string>PBXBuildFile</string>
		</dict>
		<key>F719968B1CA2CE9800ED1CA4</key>
		<dict>
			<key>fileEncoding</key>
			<string>4</string>
			<key>isa</key>
			<string>PBXFileReference</string>
			<key>lastKnownFileType</key>
			<string>sourcecode.swift</string>
			<key>path</key>
			<string>ActivityDetector.swift</string>
			<key>sourceTree</key>
			<string>&lt;group&gt;</string>
		</dict>
		<key>F719968C1CA2CE9900ED1CA4</key>
		<dict>
			<key>fileRef</key>
			<string>F719968B1CA2CE9800ED1CA4</string>
			<key>isa</key>
			<string>PBXBuildFile</string>
		</dict>
		<key>F74C70221CA385D600488495</key>
		<dict>
			<key>children</key>
			<array>
				<string>F74C70231CA3860400488495</string>
				<string>F74C70261CA3861000488495</string>
				<string>F74C70281CA3862B00488495</string>
			</array>
			<key>isa</key>
			<string>PBXGroup</string>
			<key>name</key>
			<string>Custom Row and Cell</string>
			<key>path</key>
			<string>Custom Row and Cell</string>
			<key>sourceTree</key>
			<string>&lt;group&gt;</string>
		</dict>
		<key>F74C70231CA3860400488495</key>
		<dict>
			<key>children</key>
			<array>
				<string>F74C70241CA3860400488495</string>
			</array>
			<key>isa</key>
			<string>PBXGroup</string>
			<key>path</key>
			<string>Helpers</string>
			<key>sourceTree</key>
			<string>&lt;group&gt;</string>
		</dict>
		<key>F74C70241CA3860400488495</key>
		<dict>
			<key>fileEncoding</key>
			<string>4</string>
			<key>isa</key>
			<string>PBXFileReference</string>
			<key>lastKnownFileType</key>
			<string>sourcecode.swift</string>
			<key>path</key>
			<string>FloatLabelTextField.swift</string>
			<key>sourceTree</key>
			<string>&lt;group&gt;</string>
		</dict>
		<key>F74C70251CA3860400488495</key>
		<dict>
			<key>fileRef</key>
			<string>F74C70241CA3860400488495</string>
			<key>isa</key>
			<string>PBXBuildFile</string>
		</dict>
		<key>F74C70261CA3861000488495</key>
		<dict>
			<key>fileEncoding</key>
			<string>4</string>
			<key>isa</key>
			<string>PBXFileReference</string>
			<key>lastKnownFileType</key>
			<string>sourcecode.swift</string>
			<key>path</key>
			<string>CustomCells.swift</string>
			<key>sourceTree</key>
			<string>&lt;group&gt;</string>
		</dict>
		<key>F74C70271CA3861000488495</key>
		<dict>
			<key>fileRef</key>
			<string>F74C70261CA3861000488495</string>
			<key>isa</key>
			<string>PBXBuildFile</string>
		</dict>
		<key>F74C70281CA3862B00488495</key>
		<dict>
			<key>fileEncoding</key>
			<string>4</string>
			<key>isa</key>
			<string>PBXFileReference</string>
			<key>lastKnownFileType</key>
			<string>file.xib</string>
			<key>path</key>
			<string>WeekDaysCell.xib</string>
			<key>sourceTree</key>
			<string>&lt;group&gt;</string>
		</dict>
		<key>F74C70291CA3862B00488495</key>
		<dict>
			<key>fileRef</key>
			<string>F74C70281CA3862B00488495</string>
			<key>isa</key>
			<string>PBXBuildFile</string>
		</dict>
		<key>F74C702D1CA4336500488495</key>
		<dict>
			<key>children</key>
			<array>
				<string>AF0FC7241C726DB800BED1EF</string>
				<string>AF39AAD51C6E3EB8001D2291</string>
				<string>F71996871CA1C64F00ED1CA4</string>
				<string>F71996851CA1B7A500ED1CA4</string>
			</array>
			<key>isa</key>
			<string>PBXGroup</string>
			<key>name</key>
			<string>Controllers</string>
			<key>path</key>
			<string>Controllers</string>
			<key>sourceTree</key>
			<string>&lt;group&gt;</string>
		</dict>
		<key>F74C702E1CA433B100488495</key>
		<dict>
			<key>children</key>
			<array>
				<string>F719968B1CA2CE9800ED1CA4</string>
				<string>F74C702F1CA433E200488495</string>
				<string>AF39AAD91C6E9368001D2291</string>
				<string>AF39AAD71C6E86B3001D2291</string>
			</array>
			<key>isa</key>
			<string>PBXGroup</string>
			<key>name</key>
			<string>Model</string>
			<key>path</key>
			<string>Model</string>
			<key>sourceTree</key>
			<string>&lt;group&gt;</string>
		</dict>
		<key>F74C702F1CA433E200488495</key>
		<dict>
			<key>fileEncoding</key>
			<string>4</string>
			<key>isa</key>
			<string>PBXFileReference</string>
			<key>lastKnownFileType</key>
			<string>sourcecode.swift</string>
			<key>path</key>
			<string>FirebaseDataService.swift</string>
			<key>sourceTree</key>
			<string>&lt;group&gt;</string>
		</dict>
		<key>F74C70301CA433E200488495</key>
		<dict>
			<key>fileRef</key>
			<string>F74C702F1CA433E200488495</string>
			<key>isa</key>
			<string>PBXBuildFile</string>
		</dict>
		<key>F74C70311CA4345200488495</key>
		<dict>
			<key>children</key>
			<array>
				<string>F74C70321CA4346700488495</string>
			</array>
			<key>isa</key>
			<string>PBXGroup</string>
			<key>name</key>
			<string>Constants</string>
			<key>path</key>
			<string>Constants</string>
			<key>sourceTree</key>
			<string>&lt;group&gt;</string>
		</dict>
		<key>F74C70321CA4346700488495</key>
		<dict>
			<key>fileEncoding</key>
			<string>4</string>
			<key>isa</key>
			<string>PBXFileReference</string>
			<key>lastKnownFileType</key>
			<string>sourcecode.swift</string>
			<key>path</key>
			<string>Constants.swift</string>
			<key>sourceTree</key>
			<string>&lt;group&gt;</string>
		</dict>
		<key>F74C70331CA4346700488495</key>
		<dict>
			<key>fileRef</key>
			<string>F74C70321CA4346700488495</string>
			<key>isa</key>
			<string>PBXBuildFile</string>
		</dict>
	</dict>
	<key>rootObject</key>
	<string>AF39AAB81C6E19F8001D2291</string>
</dict>
</plist>
