// !$*UTF8*$!
{
	archiveVersion = 1;
	classes = {
	};
	objectVersion = 46;
	objects = {

/* Begin PBXBuildFile section */
		4A418AB7B79830CD57E57D5D /* Pods_PedagochiWatch_Extension.framework in Frameworks */ = {isa = PBXBuildFile; fileRef = 1DE593967FDD3F682D97F88C /* Pods_PedagochiWatch_Extension.framework */; };
		65F9D73A0B48DDC9416409D3 /* Pods_Pedagochi.framework in Frameworks */ = {isa = PBXBuildFile; fileRef = 1C6659B19F91A031E74ACE4E /* Pods_Pedagochi.framework */; };
		AF0FC7251C726DB800BED1EF /* HomeViewController.swift in Sources */ = {isa = PBXBuildFile; fileRef = AF0FC7241C726DB800BED1EF /* HomeViewController.swift */; };
		AF0FC75B1C761B0900BED1EF /* HistoryViewController.swift in Sources */ = {isa = PBXBuildFile; fileRef = AF0FC75A1C761B0900BED1EF /* HistoryViewController.swift */; };
		AF39AAC41C6E19F8001D2291 /* AppDelegate.swift in Sources */ = {isa = PBXBuildFile; fileRef = AF39AAC31C6E19F8001D2291 /* AppDelegate.swift */; };
		AF39AAC91C6E19F8001D2291 /* Main.storyboard in Resources */ = {isa = PBXBuildFile; fileRef = AF39AAC71C6E19F8001D2291 /* Main.storyboard */; };
		AF39AACB1C6E19F8001D2291 /* Assets.xcassets in Resources */ = {isa = PBXBuildFile; fileRef = AF39AACA1C6E19F8001D2291 /* Assets.xcassets */; };
		AF39AACE1C6E19F8001D2291 /* LaunchScreen.storyboard in Resources */ = {isa = PBXBuildFile; fileRef = AF39AACC1C6E19F8001D2291 /* LaunchScreen.storyboard */; };
		AF39AAD61C6E3EB8001D2291 /* LoginViewController.swift in Sources */ = {isa = PBXBuildFile; fileRef = AF39AAD51C6E3EB8001D2291 /* LoginViewController.swift */; };
		AF39AAD81C6E86B3001D2291 /* PedagochiEntry.swift in Sources */ = {isa = PBXBuildFile; fileRef = AF39AAD71C6E86B3001D2291 /* PedagochiEntry.swift */; };
		AF39AADA1C6E9368001D2291 /* Insulin.swift in Sources */ = {isa = PBXBuildFile; fileRef = AF39AAD91C6E9368001D2291 /* Insulin.swift */; };
		AF3FE48B1CB569DF00CE6EF2 /* AFDateExtension.swift in Sources */ = {isa = PBXBuildFile; fileRef = AF3FE4881CB569DF00CE6EF2 /* AFDateExtension.swift */; };
		AF3FE48C1CB569DF00CE6EF2 /* LICENSE in Resources */ = {isa = PBXBuildFile; fileRef = AF3FE4891CB569DF00CE6EF2 /* LICENSE */; };
		AF3FE48D1CB569DF00CE6EF2 /* README.md in Sources */ = {isa = PBXBuildFile; fileRef = AF3FE48A1CB569DF00CE6EF2 /* README.md */; };
		AF3FE48F1CB56F8900CE6EF2 /* FirebaseHelper.swift in Sources */ = {isa = PBXBuildFile; fileRef = AF3FE48E1CB56F8900CE6EF2 /* FirebaseHelper.swift */; };
		AF3FE4911CB71FCB00CE6EF2 /* LocationManager.swift in Sources */ = {isa = PBXBuildFile; fileRef = AF3FE4901CB71FCB00CE6EF2 /* LocationManager.swift */; };
		AF3FE4941CB7D3AE00CE6EF2 /* LocationManagerDelegate.swift in Sources */ = {isa = PBXBuildFile; fileRef = AF3FE4931CB7D3AE00CE6EF2 /* LocationManagerDelegate.swift */; };
		AF3FE4951CB7D3F500CE6EF2 /* LocationManagerDelegate.swift in Sources */ = {isa = PBXBuildFile; fileRef = AF3FE4931CB7D3AE00CE6EF2 /* LocationManagerDelegate.swift */; };
		AF3FE4971CB7D6E300CE6EF2 /* PedagochiWatchEntry.swift in Sources */ = {isa = PBXBuildFile; fileRef = AF92F6441CB4293800852343 /* PedagochiWatchEntry.swift */; };
		AF3FE49B1CB7DDCF00CE6EF2 /* PickerProtocol.swift in Sources */ = {isa = PBXBuildFile; fileRef = AF3FE49A1CB7DDCF00CE6EF2 /* PickerProtocol.swift */; };
		AF3FE49D1CB7E19B00CE6EF2 /* PickerProtocol.swift in Sources */ = {isa = PBXBuildFile; fileRef = AF3FE49A1CB7DDCF00CE6EF2 /* PickerProtocol.swift */; };
		AF92F6471CB42D1000852343 /* CarbsEntryInterfaceController.swift in Sources */ = {isa = PBXBuildFile; fileRef = AF92F6461CB42D1000852343 /* CarbsEntryInterfaceController.swift */; };
		F71996861CA1B7A500ED1CA4 /* TabBarViewController.swift in Sources */ = {isa = PBXBuildFile; fileRef = F71996851CA1B7A500ED1CA4 /* TabBarViewController.swift */; };
		F71996881CA1C65000ED1CA4 /* NewBGEntryViewController.swift in Sources */ = {isa = PBXBuildFile; fileRef = F71996871CA1C64F00ED1CA4 /* NewBGEntryViewController.swift */; };
		F719968C1CA2CE9900ED1CA4 /* ActivityDetector.swift in Sources */ = {isa = PBXBuildFile; fileRef = F719968B1CA2CE9800ED1CA4 /* ActivityDetector.swift */; };
		F73C65151CC05E4C0060715F /* NewBloodGlucoseUpdateTableViewCell.swift in Sources */ = {isa = PBXBuildFile; fileRef = F73C65141CC05E4C0060715F /* NewBloodGlucoseUpdateTableViewCell.swift */; };
		F73C65171CC3E1750060715F /* NewMessageTableViewCell.swift in Sources */ = {isa = PBXBuildFile; fileRef = F73C65161CC3E1750060715F /* NewMessageTableViewCell.swift */; };
		F73C65191CC3E4460060715F /* NewsFeedMessage.swift in Sources */ = {isa = PBXBuildFile; fileRef = F73C65181CC3E4460060715F /* NewsFeedMessage.swift */; };
		F73C651B1CC3F2020060715F /* ComposeMessageViewController.swift in Sources */ = {isa = PBXBuildFile; fileRef = F73C651A1CC3F2020060715F /* ComposeMessageViewController.swift */; };
		F73C651F1CC42E0C0060715F /* User.swift in Sources */ = {isa = PBXBuildFile; fileRef = F73C651E1CC42E0B0060715F /* User.swift */; };
		F73C65211CC53A0C0060715F /* SettingsManager.swift in Sources */ = {isa = PBXBuildFile; fileRef = F73C65201CC53A0B0060715F /* SettingsManager.swift */; };
		F73C65231CC6B37B0060715F /* StepTrackerManager.swift in Sources */ = {isa = PBXBuildFile; fileRef = F73C65221CC6B37B0060715F /* StepTrackerManager.swift */; };
		F73C65251CC7A8980060715F /* WeightedMovingAverage.swift in Sources */ = {isa = PBXBuildFile; fileRef = F73C65241CC7A8980060715F /* WeightedMovingAverage.swift */; };
		F74C70251CA3860400488495 /* FloatLabelTextField.swift in Sources */ = {isa = PBXBuildFile; fileRef = F74C70241CA3860400488495 /* FloatLabelTextField.swift */; };
		F74C70271CA3861000488495 /* CustomCells.swift in Sources */ = {isa = PBXBuildFile; fileRef = F74C70261CA3861000488495 /* CustomCells.swift */; };
		F74C70291CA3862B00488495 /* WeekDaysCell.xib in Resources */ = {isa = PBXBuildFile; fileRef = F74C70281CA3862B00488495 /* WeekDaysCell.xib */; };
		F74C70301CA433E200488495 /* FirebaseDataService.swift in Sources */ = {isa = PBXBuildFile; fileRef = F74C702F1CA433E200488495 /* FirebaseDataService.swift */; };
		F74C70331CA4346700488495 /* Constants.swift in Sources */ = {isa = PBXBuildFile; fileRef = F74C70321CA4346700488495 /* Constants.swift */; };
		F7516F7A1CAA9299006CC740 /* ChartDataPoint.swift in Sources */ = {isa = PBXBuildFile; fileRef = F7516F791CAA9299006CC740 /* ChartDataPoint.swift */; };
		F7516F7C1CAAB9FA006CC740 /* .gitignore in Resources */ = {isa = PBXBuildFile; fileRef = F7516F7B1CAAB9FA006CC740 /* .gitignore */; };
		F7516F7E1CAAC844006CC740 /* HistoryTableViewController.swift in Sources */ = {isa = PBXBuildFile; fileRef = F7516F7D1CAAC844006CC740 /* HistoryTableViewController.swift */; };
		F758A3B51CE5FFD700122589 /* PedagochiUserStatistics.swift in Sources */ = {isa = PBXBuildFile; fileRef = F758A3B41CE5FFD700122589 /* PedagochiUserStatistics.swift */; };
		F758A3B81CE64B6D00122589 /* HealthKit.framework in Frameworks */ = {isa = PBXBuildFile; fileRef = F758A3B71CE64B6D00122589 /* HealthKit.framework */; };
		F758A3BA1CE64C9200122589 /* HealthManager.swift in Sources */ = {isa = PBXBuildFile; fileRef = F758A3B91CE64C9200122589 /* HealthManager.swift */; };
		F76358EF1CFA44350096D85D /* TimingManager.swift in Sources */ = {isa = PBXBuildFile; fileRef = F76358EE1CFA44350096D85D /* TimingManager.swift */; };
		F76358F11CFA58950096D85D /* NetworkingManager.swift in Sources */ = {isa = PBXBuildFile; fileRef = F76358F01CFA58950096D85D /* NetworkingManager.swift */; };
		F76358FD1CFB12E20096D85D /* NotificationsManager.swift in Sources */ = {isa = PBXBuildFile; fileRef = F76358FC1CFB12E20096D85D /* NotificationsManager.swift */; };
		F77A35E41CE768260010D970 /* Pedometer.swift in Sources */ = {isa = PBXBuildFile; fileRef = F77A35E31CE768260010D970 /* Pedometer.swift */; };
		F78E48621CE9E10D00ADC3D9 /* RulesManager.swift in Sources */ = {isa = PBXBuildFile; fileRef = F78E48611CE9E10C00ADC3D9 /* RulesManager.swift */; };
		F78E48681CE9E87100ADC3D9 /* NormalHealthParameters.swift in Sources */ = {isa = PBXBuildFile; fileRef = F78E48671CE9E87100ADC3D9 /* NormalHealthParameters.swift */; };
		F78E486A1CEA003300ADC3D9 /* PedagochiParameterNames.swift in Sources */ = {isa = PBXBuildFile; fileRef = F78E48691CEA003300ADC3D9 /* PedagochiParameterNames.swift */; };
		F7A09F3D1D05A2F000089C43 /* InsulinEntryInterfaceController.swift in Sources */ = {isa = PBXBuildFile; fileRef = F7A09F3C1D05A2EE00089C43 /* InsulinEntryInterfaceController.swift */; };
		F7A09F451D05C3F500089C43 /* Assets.xcassets in Resources */ = {isa = PBXBuildFile; fileRef = F7CE55881CADE877008BAABC /* Assets.xcassets */; };
		F7A09F481D05CA1100089C43 /* Settings.swift in Sources */ = {isa = PBXBuildFile; fileRef = F7A09F471D05CA1100089C43 /* Settings.swift */; };
		F7A09F491D05CA4E00089C43 /* NormalHealthParameters.swift in Sources */ = {isa = PBXBuildFile; fileRef = F78E48671CE9E87100ADC3D9 /* NormalHealthParameters.swift */; };
		F7A09F4A1D05CA5C00089C43 /* Settings.swift in Sources */ = {isa = PBXBuildFile; fileRef = F7A09F471D05CA1100089C43 /* Settings.swift */; };
		F7A09F4C1D05CB0300089C43 /* ColourPicker.swift in Sources */ = {isa = PBXBuildFile; fileRef = F7A09F4B1D05CB0300089C43 /* ColourPicker.swift */; };
		F7A09F501D0609FD00089C43 /* NewHistoryViewController.swift in Sources */ = {isa = PBXBuildFile; fileRef = F7A09F4F1D0609FD00089C43 /* NewHistoryViewController.swift */; };
		F7A09F561D06253D00089C43 /* NewHistoryCellViewController.swift in Sources */ = {isa = PBXBuildFile; fileRef = F7A09F551D06253D00089C43 /* NewHistoryCellViewController.swift */; };
		F7A09F581D064FCF00089C43 /* WebViewController.swift in Sources */ = {isa = PBXBuildFile; fileRef = F7A09F571D064FCF00089C43 /* WebViewController.swift */; };
		F7A12FE51CD818F3004D015C /* CareKit.framework in Frameworks */ = {isa = PBXBuildFile; fileRef = F7A12FE21CD818E6004D015C /* CareKit.framework */; };
		F7A12FE61CD818F3004D015C /* CareKit.framework in Embed Frameworks */ = {isa = PBXBuildFile; fileRef = F7A12FE21CD818E6004D015C /* CareKit.framework */; settings = {ATTRIBUTES = (CodeSignOnCopy, RemoveHeadersOnCopy, ); }; };
		F7A12FEA1CD8A192004D015C /* DashboardViewController.swift in Sources */ = {isa = PBXBuildFile; fileRef = F7A12FE91CD8A192004D015C /* DashboardViewController.swift */; };
		F7A39A201CB1DAC100558DA5 /* PedagochiPhoneConnectivity.swift in Sources */ = {isa = PBXBuildFile; fileRef = F7A39A1F1CB1DAC100558DA5 /* PedagochiPhoneConnectivity.swift */; };
		F7A39A221CB2795E00558DA5 /* MathFunction.swift in Sources */ = {isa = PBXBuildFile; fileRef = F7A39A211CB2795D00558DA5 /* MathFunction.swift */; };
		F7B87BEA1CD78E240067FEC9 /* CarePlanStoreManager.swift in Sources */ = {isa = PBXBuildFile; fileRef = F7B87BE51CD78E240067FEC9 /* CarePlanStoreManager.swift */; };
		F7B87BEB1CD78E240067FEC9 /* SampleData.swift in Sources */ = {isa = PBXBuildFile; fileRef = F7B87BE61CD78E240067FEC9 /* SampleData.swift */; };
		F7B87BEC1CD78E240067FEC9 /* Activity.swift in Sources */ = {isa = PBXBuildFile; fileRef = F7B87BE71CD78E240067FEC9 /* Activity.swift */; };
		F7B87BED1CD78E240067FEC9 /* GlucoseLevelGoal.swift in Sources */ = {isa = PBXBuildFile; fileRef = F7B87BE81CD78E240067FEC9 /* GlucoseLevelGoal.swift */; };
		F7B87BEE1CD78E240067FEC9 /* StepsGoal.swift in Sources */ = {isa = PBXBuildFile; fileRef = F7B87BE91CD78E240067FEC9 /* StepsGoal.swift */; };
		F7B87BF31CD792400067FEC9 /* Colors.swift in Sources */ = {isa = PBXBuildFile; fileRef = F7B87BF21CD792400067FEC9 /* Colors.swift */; };
		F7B87BFE1CD7973D0067FEC9 /* ResearchKit.framework in Frameworks */ = {isa = PBXBuildFile; fileRef = F7B87BFB1CD7972A0067FEC9 /* ResearchKit.framework */; };
		F7B87BFF1CD7973D0067FEC9 /* ResearchKit.framework in Embed Frameworks */ = {isa = PBXBuildFile; fileRef = F7B87BFB1CD7972A0067FEC9 /* ResearchKit.framework */; settings = {ATTRIBUTES = (CodeSignOnCopy, RemoveHeadersOnCopy, ); }; };
		F7B87C031CD7C6200067FEC9 /* LogGoal.swift in Sources */ = {isa = PBXBuildFile; fileRef = F7B87C021CD7C6200067FEC9 /* LogGoal.swift */; };
		F7B87C051CD7CE640067FEC9 /* CareCardViewController.swift in Sources */ = {isa = PBXBuildFile; fileRef = F7B87C041CD7CE640067FEC9 /* CareCardViewController.swift */; };
		F7CE55581CAB122F008BAABC /* HistorySwitchViewController.swift in Sources */ = {isa = PBXBuildFile; fileRef = F7CE55571CAB122F008BAABC /* HistorySwitchViewController.swift */; };
		F7CE55871CADE877008BAABC /* Interface.storyboard in Resources */ = {isa = PBXBuildFile; fileRef = F7CE55851CADE877008BAABC /* Interface.storyboard */; };
		F7CE55891CADE877008BAABC /* Assets.xcassets in Resources */ = {isa = PBXBuildFile; fileRef = F7CE55881CADE877008BAABC /* Assets.xcassets */; };
		F7CE55901CADE878008BAABC /* PedagochiWatch Extension.appex in Embed App Extensions */ = {isa = PBXBuildFile; fileRef = F7CE558F1CADE878008BAABC /* PedagochiWatch Extension.appex */; settings = {ATTRIBUTES = (RemoveHeadersOnCopy, ); }; };
		F7CE55951CADE878008BAABC /* InterfaceController.swift in Sources */ = {isa = PBXBuildFile; fileRef = F7CE55941CADE878008BAABC /* InterfaceController.swift */; };
		F7CE55971CADE878008BAABC /* ExtensionDelegate.swift in Sources */ = {isa = PBXBuildFile; fileRef = F7CE55961CADE878008BAABC /* ExtensionDelegate.swift */; };
		F7CE55991CADE878008BAABC /* Assets.xcassets in Resources */ = {isa = PBXBuildFile; fileRef = F7CE55981CADE878008BAABC /* Assets.xcassets */; };
		F7CE559D1CADE878008BAABC /* PedagochiWatch.app in Embed Watch Content */ = {isa = PBXBuildFile; fileRef = F7CE55831CADE877008BAABC /* PedagochiWatch.app */; };
		F7CE55AA1CB1D56D008BAABC /* PedagochiWatchConnectivity.swift in Sources */ = {isa = PBXBuildFile; fileRef = F7CE55A91CB1D56D008BAABC /* PedagochiWatchConnectivity.swift */; };
		F7DA43351CFBC1A4007D6AE7 /* UserProfilePageViewController.swift in Sources */ = {isa = PBXBuildFile; fileRef = F7DA43341CFBC1A4007D6AE7 /* UserProfilePageViewController.swift */; };
		F7DA43381CFC5764007D6AE7 /* FileManager.swift in Sources */ = {isa = PBXBuildFile; fileRef = F7DA43371CFC5764007D6AE7 /* FileManager.swift */; };
		F7DA433A1CFC7BBC007D6AE7 /* GeocodingManager.swift in Sources */ = {isa = PBXBuildFile; fileRef = F7DA43391CFC7BBC007D6AE7 /* GeocodingManager.swift */; };
		F7DA433C1CFC9ED8007D6AE7 /* LocationsViewController.swift in Sources */ = {isa = PBXBuildFile; fileRef = F7DA433B1CFC9ED8007D6AE7 /* LocationsViewController.swift */; };
		F7DA43461CFCAB1A007D6AE7 /* LocationSearchTableTableViewController.swift in Sources */ = {isa = PBXBuildFile; fileRef = F7DA43451CFCAB1A007D6AE7 /* LocationSearchTableTableViewController.swift */; };
		F7DA43481CFCF188007D6AE7 /* LocationContextHandler.swift in Sources */ = {isa = PBXBuildFile; fileRef = F7DA43471CFCF187007D6AE7 /* LocationContextHandler.swift */; };
		F7DA434A1CFCF367007D6AE7 /* Home.swift in Sources */ = {isa = PBXBuildFile; fileRef = F7DA43491CFCF367007D6AE7 /* Home.swift */; };
		F7DA434C1CFDCA51007D6AE7 /* ContextBuilder.swift in Sources */ = {isa = PBXBuildFile; fileRef = F7DA434B1CFDCA51007D6AE7 /* ContextBuilder.swift */; };
		F7DA434E1CFDD22E007D6AE7 /* Keywords.swift in Sources */ = {isa = PBXBuildFile; fileRef = F7DA434D1CFDD22E007D6AE7 /* Keywords.swift */; };
		F7DA43501CFDF47C007D6AE7 /* InformationGenerator.swift in Sources */ = {isa = PBXBuildFile; fileRef = F7DA434F1CFDF47C007D6AE7 /* InformationGenerator.swift */; };
		F7DA43521CFE21E2007D6AE7 /* InformationTableViewController.swift in Sources */ = {isa = PBXBuildFile; fileRef = F7DA43511CFE21E2007D6AE7 /* InformationTableViewController.swift */; };
		F7DA43541CFE3255007D6AE7 /* InformationTableViewCell.swift in Sources */ = {isa = PBXBuildFile; fileRef = F7DA43531CFE3255007D6AE7 /* InformationTableViewCell.swift */; };
		F7DA43561CFE34B4007D6AE7 /* InfoModel.swift in Sources */ = {isa = PBXBuildFile; fileRef = F7DA43551CFE34B4007D6AE7 /* InfoModel.swift */; };
		F7DDC85D1CB3F5990050FD03 /* BloodGlucoseEntryInterfaceController.swift in Sources */ = {isa = PBXBuildFile; fileRef = F7DDC85C1CB3F5980050FD03 /* BloodGlucoseEntryInterfaceController.swift */; };
		F7E223AD1CCD8649006BCB80 /* PedometerManager.swift in Sources */ = {isa = PBXBuildFile; fileRef = F7E223AC1CCD8649006BCB80 /* PedometerManager.swift */; };
		F7E223AF1CCD86D5006BCB80 /* MovingAverage.swift in Sources */ = {isa = PBXBuildFile; fileRef = F7E223AE1CCD86D5006BCB80 /* MovingAverage.swift */; };
		F7E2A5801CBD390400C641E0 /* SettingsTableViewController.swift in Sources */ = {isa = PBXBuildFile; fileRef = F7E2A57F1CBD390400C641E0 /* SettingsTableViewController.swift */; };
		F7E2A5831CBD7F1500C641E0 /* HistoryTableViewCell.swift in Sources */ = {isa = PBXBuildFile; fileRef = F7E2A5821CBD7F1400C641E0 /* HistoryTableViewCell.swift */; };
		F7E2A5851CBD97B200C641E0 /* HistoryCellViewController.swift in Sources */ = {isa = PBXBuildFile; fileRef = F7E2A5841CBD97B200C641E0 /* HistoryCellViewController.swift */; };
		F7ED67B21CC05801005A8DDD /* NewsFeedViewController.swift in Sources */ = {isa = PBXBuildFile; fileRef = F7ED67B11CC05801005A8DDD /* NewsFeedViewController.swift */; };
/* End PBXBuildFile section */

/* Begin PBXContainerItemProxy section */
		F7A12FE11CD818E6004D015C /* PBXContainerItemProxy */ = {
			isa = PBXContainerItemProxy;
			containerPortal = F7A12FDB1CD818E6004D015C /* CareKit.xcodeproj */;
			proxyType = 2;
			remoteGlobalIDString = 8605A5BA1C4F04EC00DD65FF;
			remoteInfo = CareKit;
		};
		F7A12FE31CD818E6004D015C /* PBXContainerItemProxy */ = {
			isa = PBXContainerItemProxy;
			containerPortal = F7A12FDB1CD818E6004D015C /* CareKit.xcodeproj */;
			proxyType = 2;
			remoteGlobalIDString = 8605A5C41C4F04EC00DD65FF;
			remoteInfo = CareKitTests;
		};
		F7A12FE71CD818F3004D015C /* PBXContainerItemProxy */ = {
			isa = PBXContainerItemProxy;
			containerPortal = F7A12FDB1CD818E6004D015C /* CareKit.xcodeproj */;
			proxyType = 1;
			remoteGlobalIDString = 8605A5B91C4F04EC00DD65FF;
			remoteInfo = CareKit;
		};
		F7B87BFA1CD7972A0067FEC9 /* PBXContainerItemProxy */ = {
			isa = PBXContainerItemProxy;
			containerPortal = F7B87BF41CD797290067FEC9 /* ResearchKit.xcodeproj */;
			proxyType = 2;
			remoteGlobalIDString = B183A5951A8535D100C76870;
			remoteInfo = ResearchKit;
		};
		F7B87BFC1CD7972A0067FEC9 /* PBXContainerItemProxy */ = {
			isa = PBXContainerItemProxy;
			containerPortal = F7B87BF41CD797290067FEC9 /* ResearchKit.xcodeproj */;
			proxyType = 2;
			remoteGlobalIDString = 86CC8E9A1AC09332001CCD89;
			remoteInfo = ResearchKitTests;
		};
		F7B87C001CD7973D0067FEC9 /* PBXContainerItemProxy */ = {
			isa = PBXContainerItemProxy;
			containerPortal = F7B87BF41CD797290067FEC9 /* ResearchKit.xcodeproj */;
			proxyType = 1;
			remoteGlobalIDString = B183A4731A8535D100C76870;
			remoteInfo = ResearchKit;
		};
		F7CE55911CADE878008BAABC /* PBXContainerItemProxy */ = {
			isa = PBXContainerItemProxy;
			containerPortal = AF39AAB81C6E19F8001D2291 /* Project object */;
			proxyType = 1;
			remoteGlobalIDString = F7CE558E1CADE878008BAABC;
			remoteInfo = "PedagochiWatch Extension";
		};
		F7CE559B1CADE878008BAABC /* PBXContainerItemProxy */ = {
			isa = PBXContainerItemProxy;
			containerPortal = AF39AAB81C6E19F8001D2291 /* Project object */;
			proxyType = 1;
			remoteGlobalIDString = F7CE55821CADE877008BAABC;
			remoteInfo = PedagochiWatch;
		};
/* End PBXContainerItemProxy section */

/* Begin PBXCopyFilesBuildPhase section */
		F76653271CD787D4002FFC46 /* Embed Frameworks */ = {
			isa = PBXCopyFilesBuildPhase;
			buildActionMask = 2147483647;
			dstPath = "";
			dstSubfolderSpec = 10;
			files = (
				F7A12FE61CD818F3004D015C /* CareKit.framework in Embed Frameworks */,
				F7B87BFF1CD7973D0067FEC9 /* ResearchKit.framework in Embed Frameworks */,
			);
			name = "Embed Frameworks";
			runOnlyForDeploymentPostprocessing = 0;
		};
		F7CE55A31CADE878008BAABC /* Embed App Extensions */ = {
			isa = PBXCopyFilesBuildPhase;
			buildActionMask = 2147483647;
			dstPath = "";
			dstSubfolderSpec = 13;
			files = (
				F7CE55901CADE878008BAABC /* PedagochiWatch Extension.appex in Embed App Extensions */,
			);
			name = "Embed App Extensions";
			runOnlyForDeploymentPostprocessing = 0;
		};
		F7CE55A51CADE878008BAABC /* Embed Watch Content */ = {
			isa = PBXCopyFilesBuildPhase;
			buildActionMask = 2147483647;
			dstPath = "$(CONTENTS_FOLDER_PATH)/Watch";
			dstSubfolderSpec = 16;
			files = (
				F7CE559D1CADE878008BAABC /* PedagochiWatch.app in Embed Watch Content */,
			);
			name = "Embed Watch Content";
			runOnlyForDeploymentPostprocessing = 0;
		};
/* End PBXCopyFilesBuildPhase section */

/* Begin PBXFileReference section */
		1C6659B19F91A031E74ACE4E /* Pods_Pedagochi.framework */ = {isa = PBXFileReference; explicitFileType = wrapper.framework; includeInIndex = 0; path = Pods_Pedagochi.framework; sourceTree = BUILT_PRODUCTS_DIR; };
		1DE593967FDD3F682D97F88C /* Pods_PedagochiWatch_Extension.framework */ = {isa = PBXFileReference; explicitFileType = wrapper.framework; includeInIndex = 0; path = Pods_PedagochiWatch_Extension.framework; sourceTree = BUILT_PRODUCTS_DIR; };
		6BEBA46331021302C924C73F /* Pods-PedagochiWatch Extension.release.xcconfig */ = {isa = PBXFileReference; includeInIndex = 1; lastKnownFileType = text.xcconfig; name = "Pods-PedagochiWatch Extension.release.xcconfig"; path = "Pods/Target Support Files/Pods-PedagochiWatch Extension/Pods-PedagochiWatch Extension.release.xcconfig"; sourceTree = "<group>"; };
		84CB0E6ED70187BCBBB354DD /* Pods-PedagochiWatch Extension.debug.xcconfig */ = {isa = PBXFileReference; includeInIndex = 1; lastKnownFileType = text.xcconfig; name = "Pods-PedagochiWatch Extension.debug.xcconfig"; path = "Pods/Target Support Files/Pods-PedagochiWatch Extension/Pods-PedagochiWatch Extension.debug.xcconfig"; sourceTree = "<group>"; };
		A3F40E11B441001946884D9C /* Pods-Pedagochi.release.xcconfig */ = {isa = PBXFileReference; includeInIndex = 1; lastKnownFileType = text.xcconfig; name = "Pods-Pedagochi.release.xcconfig"; path = "Pods/Target Support Files/Pods-Pedagochi/Pods-Pedagochi.release.xcconfig"; sourceTree = "<group>"; };
		AF0FC7241C726DB800BED1EF /* HomeViewController.swift */ = {isa = PBXFileReference; fileEncoding = 4; lastKnownFileType = sourcecode.swift; path = HomeViewController.swift; sourceTree = "<group>"; };
		AF0FC75A1C761B0900BED1EF /* HistoryViewController.swift */ = {isa = PBXFileReference; fileEncoding = 4; lastKnownFileType = sourcecode.swift; path = HistoryViewController.swift; sourceTree = "<group>"; };
		AF39AAC01C6E19F8001D2291 /* Pedagochi.app */ = {isa = PBXFileReference; explicitFileType = wrapper.application; includeInIndex = 0; path = Pedagochi.app; sourceTree = BUILT_PRODUCTS_DIR; };
		AF39AAC31C6E19F8001D2291 /* AppDelegate.swift */ = {isa = PBXFileReference; lastKnownFileType = sourcecode.swift; path = AppDelegate.swift; sourceTree = "<group>"; };
		AF39AAC81C6E19F8001D2291 /* Base */ = {isa = PBXFileReference; lastKnownFileType = file.storyboard; name = Base; path = Base.lproj/Main.storyboard; sourceTree = "<group>"; };
		AF39AACA1C6E19F8001D2291 /* Assets.xcassets */ = {isa = PBXFileReference; lastKnownFileType = folder.assetcatalog; path = Assets.xcassets; sourceTree = "<group>"; };
		AF39AACD1C6E19F8001D2291 /* Base */ = {isa = PBXFileReference; lastKnownFileType = file.storyboard; name = Base; path = Base.lproj/LaunchScreen.storyboard; sourceTree = "<group>"; };
		AF39AACF1C6E19F8001D2291 /* Info.plist */ = {isa = PBXFileReference; lastKnownFileType = text.plist.xml; path = Info.plist; sourceTree = "<group>"; };
		AF39AAD51C6E3EB8001D2291 /* LoginViewController.swift */ = {isa = PBXFileReference; fileEncoding = 4; lastKnownFileType = sourcecode.swift; path = LoginViewController.swift; sourceTree = "<group>"; };
		AF39AAD71C6E86B3001D2291 /* PedagochiEntry.swift */ = {isa = PBXFileReference; fileEncoding = 4; lastKnownFileType = sourcecode.swift; path = PedagochiEntry.swift; sourceTree = "<group>"; };
		AF39AAD91C6E9368001D2291 /* Insulin.swift */ = {isa = PBXFileReference; fileEncoding = 4; lastKnownFileType = sourcecode.swift; path = Insulin.swift; sourceTree = "<group>"; };
		AF3FE4881CB569DF00CE6EF2 /* AFDateExtension.swift */ = {isa = PBXFileReference; fileEncoding = 4; lastKnownFileType = sourcecode.swift; path = AFDateExtension.swift; sourceTree = "<group>"; };
		AF3FE4891CB569DF00CE6EF2 /* LICENSE */ = {isa = PBXFileReference; fileEncoding = 4; lastKnownFileType = text; path = LICENSE; sourceTree = "<group>"; };
		AF3FE48A1CB569DF00CE6EF2 /* README.md */ = {isa = PBXFileReference; fileEncoding = 4; lastKnownFileType = net.daringfireball.markdown; path = README.md; sourceTree = "<group>"; };
		AF3FE48E1CB56F8900CE6EF2 /* FirebaseHelper.swift */ = {isa = PBXFileReference; fileEncoding = 4; lastKnownFileType = sourcecode.swift; path = FirebaseHelper.swift; sourceTree = "<group>"; };
		AF3FE4901CB71FCB00CE6EF2 /* LocationManager.swift */ = {isa = PBXFileReference; fileEncoding = 4; lastKnownFileType = sourcecode.swift; path = LocationManager.swift; sourceTree = "<group>"; };
		AF3FE4931CB7D3AE00CE6EF2 /* LocationManagerDelegate.swift */ = {isa = PBXFileReference; fileEncoding = 4; lastKnownFileType = sourcecode.swift; path = LocationManagerDelegate.swift; sourceTree = "<group>"; };
		AF3FE49A1CB7DDCF00CE6EF2 /* PickerProtocol.swift */ = {isa = PBXFileReference; fileEncoding = 4; lastKnownFileType = sourcecode.swift; path = PickerProtocol.swift; sourceTree = "<group>"; };
		AF92F6441CB4293800852343 /* PedagochiWatchEntry.swift */ = {isa = PBXFileReference; fileEncoding = 4; lastKnownFileType = sourcecode.swift; path = PedagochiWatchEntry.swift; sourceTree = "<group>"; };
		AF92F6461CB42D1000852343 /* CarbsEntryInterfaceController.swift */ = {isa = PBXFileReference; fileEncoding = 4; lastKnownFileType = sourcecode.swift; path = CarbsEntryInterfaceController.swift; sourceTree = "<group>"; };
		ED4232906E88D11ADE8121C3 /* Pods-Pedagochi.debug.xcconfig */ = {isa = PBXFileReference; includeInIndex = 1; lastKnownFileType = text.xcconfig; name = "Pods-Pedagochi.debug.xcconfig"; path = "Pods/Target Support Files/Pods-Pedagochi/Pods-Pedagochi.debug.xcconfig"; sourceTree = "<group>"; };
		F71996721CA15F3600ED1CA4 /* Pedagochi-Bridging-Header.h */ = {isa = PBXFileReference; lastKnownFileType = sourcecode.c.h; path = "Pedagochi-Bridging-Header.h"; sourceTree = "<group>"; };
		F71996851CA1B7A500ED1CA4 /* TabBarViewController.swift */ = {isa = PBXFileReference; fileEncoding = 4; lastKnownFileType = sourcecode.swift; path = TabBarViewController.swift; sourceTree = "<group>"; };
		F71996871CA1C64F00ED1CA4 /* NewBGEntryViewController.swift */ = {isa = PBXFileReference; fileEncoding = 4; lastKnownFileType = sourcecode.swift; path = NewBGEntryViewController.swift; sourceTree = "<group>"; };
		F719968B1CA2CE9800ED1CA4 /* ActivityDetector.swift */ = {isa = PBXFileReference; fileEncoding = 4; lastKnownFileType = sourcecode.swift; path = ActivityDetector.swift; sourceTree = "<group>"; };
		F73C65141CC05E4C0060715F /* NewBloodGlucoseUpdateTableViewCell.swift */ = {isa = PBXFileReference; fileEncoding = 4; lastKnownFileType = sourcecode.swift; path = NewBloodGlucoseUpdateTableViewCell.swift; sourceTree = "<group>"; };
		F73C65161CC3E1750060715F /* NewMessageTableViewCell.swift */ = {isa = PBXFileReference; fileEncoding = 4; lastKnownFileType = sourcecode.swift; path = NewMessageTableViewCell.swift; sourceTree = "<group>"; };
		F73C65181CC3E4460060715F /* NewsFeedMessage.swift */ = {isa = PBXFileReference; fileEncoding = 4; lastKnownFileType = sourcecode.swift; path = NewsFeedMessage.swift; sourceTree = "<group>"; };
		F73C651A1CC3F2020060715F /* ComposeMessageViewController.swift */ = {isa = PBXFileReference; fileEncoding = 4; lastKnownFileType = sourcecode.swift; path = ComposeMessageViewController.swift; sourceTree = "<group>"; };
		F73C651E1CC42E0B0060715F /* User.swift */ = {isa = PBXFileReference; fileEncoding = 4; lastKnownFileType = sourcecode.swift; path = User.swift; sourceTree = "<group>"; };
		F73C65201CC53A0B0060715F /* SettingsManager.swift */ = {isa = PBXFileReference; fileEncoding = 4; lastKnownFileType = sourcecode.swift; path = SettingsManager.swift; sourceTree = "<group>"; };
		F73C65221CC6B37B0060715F /* StepTrackerManager.swift */ = {isa = PBXFileReference; fileEncoding = 4; lastKnownFileType = sourcecode.swift; path = StepTrackerManager.swift; sourceTree = "<group>"; };
		F73C65241CC7A8980060715F /* WeightedMovingAverage.swift */ = {isa = PBXFileReference; fileEncoding = 4; lastKnownFileType = sourcecode.swift; path = WeightedMovingAverage.swift; sourceTree = "<group>"; };
		F74C70241CA3860400488495 /* FloatLabelTextField.swift */ = {isa = PBXFileReference; fileEncoding = 4; lastKnownFileType = sourcecode.swift; path = FloatLabelTextField.swift; sourceTree = "<group>"; };
		F74C70261CA3861000488495 /* CustomCells.swift */ = {isa = PBXFileReference; fileEncoding = 4; lastKnownFileType = sourcecode.swift; path = CustomCells.swift; sourceTree = "<group>"; };
		F74C70281CA3862B00488495 /* WeekDaysCell.xib */ = {isa = PBXFileReference; fileEncoding = 4; lastKnownFileType = file.xib; path = WeekDaysCell.xib; sourceTree = "<group>"; };
		F74C702F1CA433E200488495 /* FirebaseDataService.swift */ = {isa = PBXFileReference; fileEncoding = 4; lastKnownFileType = sourcecode.swift; path = FirebaseDataService.swift; sourceTree = "<group>"; };
		F74C70321CA4346700488495 /* Constants.swift */ = {isa = PBXFileReference; fileEncoding = 4; lastKnownFileType = sourcecode.swift; path = Constants.swift; sourceTree = "<group>"; };
		F7516F791CAA9299006CC740 /* ChartDataPoint.swift */ = {isa = PBXFileReference; fileEncoding = 4; lastKnownFileType = sourcecode.swift; path = ChartDataPoint.swift; sourceTree = "<group>"; };
		F7516F7B1CAAB9FA006CC740 /* .gitignore */ = {isa = PBXFileReference; fileEncoding = 4; lastKnownFileType = text; path = .gitignore; sourceTree = "<group>"; };
		F7516F7D1CAAC844006CC740 /* HistoryTableViewController.swift */ = {isa = PBXFileReference; fileEncoding = 4; lastKnownFileType = sourcecode.swift; name = HistoryTableViewController.swift; path = TableViewControllers/HistoryTableViewController.swift; sourceTree = "<group>"; };
		F758A3B41CE5FFD700122589 /* PedagochiUserStatistics.swift */ = {isa = PBXFileReference; fileEncoding = 4; lastKnownFileType = sourcecode.swift; path = PedagochiUserStatistics.swift; sourceTree = "<group>"; };
		F758A3B61CE64B6D00122589 /* Pedagochi.entitlements */ = {isa = PBXFileReference; lastKnownFileType = text.xml; path = Pedagochi.entitlements; sourceTree = "<group>"; };
		F758A3B71CE64B6D00122589 /* HealthKit.framework */ = {isa = PBXFileReference; lastKnownFileType = wrapper.framework; name = HealthKit.framework; path = System/Library/Frameworks/HealthKit.framework; sourceTree = SDKROOT; };
		F758A3B91CE64C9200122589 /* HealthManager.swift */ = {isa = PBXFileReference; fileEncoding = 4; lastKnownFileType = sourcecode.swift; path = HealthManager.swift; sourceTree = "<group>"; };
		F76358EE1CFA44350096D85D /* TimingManager.swift */ = {isa = PBXFileReference; fileEncoding = 4; lastKnownFileType = sourcecode.swift; path = TimingManager.swift; sourceTree = "<group>"; };
		F76358F01CFA58950096D85D /* NetworkingManager.swift */ = {isa = PBXFileReference; fileEncoding = 4; lastKnownFileType = sourcecode.swift; path = NetworkingManager.swift; sourceTree = "<group>"; };
		F76358FC1CFB12E20096D85D /* NotificationsManager.swift */ = {isa = PBXFileReference; fileEncoding = 4; lastKnownFileType = sourcecode.swift; path = NotificationsManager.swift; sourceTree = "<group>"; };
		F77A35E31CE768260010D970 /* Pedometer.swift */ = {isa = PBXFileReference; fileEncoding = 4; lastKnownFileType = sourcecode.swift; path = Pedometer.swift; sourceTree = "<group>"; };
		F78E48611CE9E10C00ADC3D9 /* RulesManager.swift */ = {isa = PBXFileReference; fileEncoding = 4; lastKnownFileType = sourcecode.swift; path = RulesManager.swift; sourceTree = "<group>"; };
		F78E48671CE9E87100ADC3D9 /* NormalHealthParameters.swift */ = {isa = PBXFileReference; fileEncoding = 4; lastKnownFileType = sourcecode.swift; path = NormalHealthParameters.swift; sourceTree = "<group>"; };
		F78E48691CEA003300ADC3D9 /* PedagochiParameterNames.swift */ = {isa = PBXFileReference; fileEncoding = 4; lastKnownFileType = sourcecode.swift; path = PedagochiParameterNames.swift; sourceTree = "<group>"; };
		F7A09F3C1D05A2EE00089C43 /* InsulinEntryInterfaceController.swift */ = {isa = PBXFileReference; fileEncoding = 4; lastKnownFileType = sourcecode.swift; path = InsulinEntryInterfaceController.swift; sourceTree = "<group>"; };
		F7A09F471D05CA1100089C43 /* Settings.swift */ = {isa = PBXFileReference; fileEncoding = 4; lastKnownFileType = sourcecode.swift; path = Settings.swift; sourceTree = "<group>"; };
		F7A09F4B1D05CB0300089C43 /* ColourPicker.swift */ = {isa = PBXFileReference; fileEncoding = 4; lastKnownFileType = sourcecode.swift; path = ColourPicker.swift; sourceTree = "<group>"; };
		F7A09F4F1D0609FD00089C43 /* NewHistoryViewController.swift */ = {isa = PBXFileReference; fileEncoding = 4; lastKnownFileType = sourcecode.swift; path = NewHistoryViewController.swift; sourceTree = "<group>"; };
		F7A09F551D06253D00089C43 /* NewHistoryCellViewController.swift */ = {isa = PBXFileReference; fileEncoding = 4; lastKnownFileType = sourcecode.swift; path = NewHistoryCellViewController.swift; sourceTree = "<group>"; };
		F7A09F571D064FCF00089C43 /* WebViewController.swift */ = {isa = PBXFileReference; fileEncoding = 4; lastKnownFileType = sourcecode.swift; path = WebViewController.swift; sourceTree = "<group>"; };
		F7A12FDB1CD818E6004D015C /* CareKit.xcodeproj */ = {isa = PBXFileReference; lastKnownFileType = "wrapper.pb-project"; name = CareKit.xcodeproj; path = ../carekit/CareKit.xcodeproj; sourceTree = "<group>"; };
		F7A12FE91CD8A192004D015C /* DashboardViewController.swift */ = {isa = PBXFileReference; fileEncoding = 4; lastKnownFileType = sourcecode.swift; path = DashboardViewController.swift; sourceTree = "<group>"; };
		F7A39A1F1CB1DAC100558DA5 /* PedagochiPhoneConnectivity.swift */ = {isa = PBXFileReference; fileEncoding = 4; lastKnownFileType = sourcecode.swift; path = PedagochiPhoneConnectivity.swift; sourceTree = "<group>"; };
		F7A39A211CB2795D00558DA5 /* MathFunction.swift */ = {isa = PBXFileReference; fileEncoding = 4; lastKnownFileType = sourcecode.swift; path = MathFunction.swift; sourceTree = "<group>"; };
		F7B87BE51CD78E240067FEC9 /* CarePlanStoreManager.swift */ = {isa = PBXFileReference; fileEncoding = 4; lastKnownFileType = sourcecode.swift; path = CarePlanStoreManager.swift; sourceTree = "<group>"; };
		F7B87BE61CD78E240067FEC9 /* SampleData.swift */ = {isa = PBXFileReference; fileEncoding = 4; lastKnownFileType = sourcecode.swift; path = SampleData.swift; sourceTree = "<group>"; };
		F7B87BE71CD78E240067FEC9 /* Activity.swift */ = {isa = PBXFileReference; fileEncoding = 4; lastKnownFileType = sourcecode.swift; path = Activity.swift; sourceTree = "<group>"; };
		F7B87BE81CD78E240067FEC9 /* GlucoseLevelGoal.swift */ = {isa = PBXFileReference; fileEncoding = 4; lastKnownFileType = sourcecode.swift; path = GlucoseLevelGoal.swift; sourceTree = "<group>"; };
		F7B87BE91CD78E240067FEC9 /* StepsGoal.swift */ = {isa = PBXFileReference; fileEncoding = 4; lastKnownFileType = sourcecode.swift; path = StepsGoal.swift; sourceTree = "<group>"; };
		F7B87BF21CD792400067FEC9 /* Colors.swift */ = {isa = PBXFileReference; fileEncoding = 4; lastKnownFileType = sourcecode.swift; path = Colors.swift; sourceTree = "<group>"; };
		F7B87BF41CD797290067FEC9 /* ResearchKit.xcodeproj */ = {isa = PBXFileReference; lastKnownFileType = "wrapper.pb-project"; name = ResearchKit.xcodeproj; path = ../ResearchKit/ResearchKit.xcodeproj; sourceTree = "<group>"; };
		F7B87C021CD7C6200067FEC9 /* LogGoal.swift */ = {isa = PBXFileReference; fileEncoding = 4; lastKnownFileType = sourcecode.swift; path = LogGoal.swift; sourceTree = "<group>"; };
		F7B87C041CD7CE640067FEC9 /* CareCardViewController.swift */ = {isa = PBXFileReference; fileEncoding = 4; lastKnownFileType = sourcecode.swift; path = CareCardViewController.swift; sourceTree = "<group>"; };
		F7CE55571CAB122F008BAABC /* HistorySwitchViewController.swift */ = {isa = PBXFileReference; fileEncoding = 4; lastKnownFileType = sourcecode.swift; path = HistorySwitchViewController.swift; sourceTree = "<group>"; };
		F7CE55831CADE877008BAABC /* PedagochiWatch.app */ = {isa = PBXFileReference; explicitFileType = wrapper.application; includeInIndex = 0; path = PedagochiWatch.app; sourceTree = BUILT_PRODUCTS_DIR; };
		F7CE55861CADE877008BAABC /* Base */ = {isa = PBXFileReference; lastKnownFileType = file.storyboard; name = Base; path = Base.lproj/Interface.storyboard; sourceTree = "<group>"; };
		F7CE55881CADE877008BAABC /* Assets.xcassets */ = {isa = PBXFileReference; lastKnownFileType = folder.assetcatalog; path = Assets.xcassets; sourceTree = "<group>"; };
		F7CE558A1CADE877008BAABC /* Info.plist */ = {isa = PBXFileReference; lastKnownFileType = text.plist.xml; path = Info.plist; sourceTree = "<group>"; };
		F7CE558F1CADE878008BAABC /* PedagochiWatch Extension.appex */ = {isa = PBXFileReference; explicitFileType = "wrapper.app-extension"; includeInIndex = 0; path = "PedagochiWatch Extension.appex"; sourceTree = BUILT_PRODUCTS_DIR; };
		F7CE55941CADE878008BAABC /* InterfaceController.swift */ = {isa = PBXFileReference; lastKnownFileType = sourcecode.swift; path = InterfaceController.swift; sourceTree = "<group>"; };
		F7CE55961CADE878008BAABC /* ExtensionDelegate.swift */ = {isa = PBXFileReference; lastKnownFileType = sourcecode.swift; path = ExtensionDelegate.swift; sourceTree = "<group>"; };
		F7CE55981CADE878008BAABC /* Assets.xcassets */ = {isa = PBXFileReference; lastKnownFileType = folder.assetcatalog; path = Assets.xcassets; sourceTree = "<group>"; };
		F7CE559A1CADE878008BAABC /* Info.plist */ = {isa = PBXFileReference; lastKnownFileType = text.plist.xml; path = Info.plist; sourceTree = "<group>"; };
		F7CE55A91CB1D56D008BAABC /* PedagochiWatchConnectivity.swift */ = {isa = PBXFileReference; fileEncoding = 4; lastKnownFileType = sourcecode.swift; path = PedagochiWatchConnectivity.swift; sourceTree = "<group>"; };
		F7DA43341CFBC1A4007D6AE7 /* UserProfilePageViewController.swift */ = {isa = PBXFileReference; fileEncoding = 4; lastKnownFileType = sourcecode.swift; path = UserProfilePageViewController.swift; sourceTree = "<group>"; };
		F7DA43371CFC5764007D6AE7 /* FileManager.swift */ = {isa = PBXFileReference; fileEncoding = 4; lastKnownFileType = sourcecode.swift; path = FileManager.swift; sourceTree = "<group>"; };
		F7DA43391CFC7BBC007D6AE7 /* GeocodingManager.swift */ = {isa = PBXFileReference; fileEncoding = 4; lastKnownFileType = sourcecode.swift; path = GeocodingManager.swift; sourceTree = "<group>"; };
		F7DA433B1CFC9ED8007D6AE7 /* LocationsViewController.swift */ = {isa = PBXFileReference; fileEncoding = 4; lastKnownFileType = sourcecode.swift; path = LocationsViewController.swift; sourceTree = "<group>"; };
		F7DA43451CFCAB1A007D6AE7 /* LocationSearchTableTableViewController.swift */ = {isa = PBXFileReference; fileEncoding = 4; lastKnownFileType = sourcecode.swift; path = LocationSearchTableTableViewController.swift; sourceTree = "<group>"; };
		F7DA43471CFCF187007D6AE7 /* LocationContextHandler.swift */ = {isa = PBXFileReference; fileEncoding = 4; lastKnownFileType = sourcecode.swift; path = LocationContextHandler.swift; sourceTree = "<group>"; };
		F7DA43491CFCF367007D6AE7 /* Home.swift */ = {isa = PBXFileReference; fileEncoding = 4; lastKnownFileType = sourcecode.swift; path = Home.swift; sourceTree = "<group>"; };
		F7DA434B1CFDCA51007D6AE7 /* ContextBuilder.swift */ = {isa = PBXFileReference; fileEncoding = 4; lastKnownFileType = sourcecode.swift; path = ContextBuilder.swift; sourceTree = "<group>"; };
		F7DA434D1CFDD22E007D6AE7 /* Keywords.swift */ = {isa = PBXFileReference; fileEncoding = 4; lastKnownFileType = sourcecode.swift; path = Keywords.swift; sourceTree = "<group>"; };
		F7DA434F1CFDF47C007D6AE7 /* InformationGenerator.swift */ = {isa = PBXFileReference; fileEncoding = 4; lastKnownFileType = sourcecode.swift; path = InformationGenerator.swift; sourceTree = "<group>"; };
		F7DA43511CFE21E2007D6AE7 /* InformationTableViewController.swift */ = {isa = PBXFileReference; fileEncoding = 4; lastKnownFileType = sourcecode.swift; path = InformationTableViewController.swift; sourceTree = "<group>"; };
		F7DA43531CFE3255007D6AE7 /* InformationTableViewCell.swift */ = {isa = PBXFileReference; fileEncoding = 4; lastKnownFileType = sourcecode.swift; path = InformationTableViewCell.swift; sourceTree = "<group>"; };
		F7DA43551CFE34B4007D6AE7 /* InfoModel.swift */ = {isa = PBXFileReference; fileEncoding = 4; lastKnownFileType = sourcecode.swift; path = InfoModel.swift; sourceTree = "<group>"; };
		F7DDC85C1CB3F5980050FD03 /* BloodGlucoseEntryInterfaceController.swift */ = {isa = PBXFileReference; fileEncoding = 4; lastKnownFileType = sourcecode.swift; path = BloodGlucoseEntryInterfaceController.swift; sourceTree = "<group>"; };
		F7E223AC1CCD8649006BCB80 /* PedometerManager.swift */ = {isa = PBXFileReference; fileEncoding = 4; lastKnownFileType = sourcecode.swift; path = PedometerManager.swift; sourceTree = "<group>"; };
		F7E223AE1CCD86D5006BCB80 /* MovingAverage.swift */ = {isa = PBXFileReference; fileEncoding = 4; lastKnownFileType = sourcecode.swift; path = MovingAverage.swift; sourceTree = "<group>"; };
		F7E2A57F1CBD390400C641E0 /* SettingsTableViewController.swift */ = {isa = PBXFileReference; fileEncoding = 4; lastKnownFileType = sourcecode.swift; path = SettingsTableViewController.swift; sourceTree = "<group>"; };
		F7E2A5821CBD7F1400C641E0 /* HistoryTableViewCell.swift */ = {isa = PBXFileReference; fileEncoding = 4; lastKnownFileType = sourcecode.swift; path = HistoryTableViewCell.swift; sourceTree = "<group>"; };
		F7E2A5841CBD97B200C641E0 /* HistoryCellViewController.swift */ = {isa = PBXFileReference; fileEncoding = 4; lastKnownFileType = sourcecode.swift; path = HistoryCellViewController.swift; sourceTree = "<group>"; };
		F7ED67B11CC05801005A8DDD /* NewsFeedViewController.swift */ = {isa = PBXFileReference; fileEncoding = 4; lastKnownFileType = sourcecode.swift; path = NewsFeedViewController.swift; sourceTree = "<group>"; };
/* End PBXFileReference section */

/* Begin PBXFrameworksBuildPhase section */
		AF39AABD1C6E19F8001D2291 /* Frameworks */ = {
			isa = PBXFrameworksBuildPhase;
			buildActionMask = 2147483647;
			files = (
				F7A12FE51CD818F3004D015C /* CareKit.framework in Frameworks */,
				F758A3B81CE64B6D00122589 /* HealthKit.framework in Frameworks */,
				F7B87BFE1CD7973D0067FEC9 /* ResearchKit.framework in Frameworks */,
				65F9D73A0B48DDC9416409D3 /* Pods_Pedagochi.framework in Frameworks */,
			);
			runOnlyForDeploymentPostprocessing = 0;
		};
		EE2B5DF7D63EE42219B927A3 /* Frameworks */ = {
			isa = PBXFrameworksBuildPhase;
			buildActionMask = 2147483647;
			files = (
			);
			runOnlyForDeploymentPostprocessing = 0;
		};
		F7CE558C1CADE878008BAABC /* Frameworks */ = {
			isa = PBXFrameworksBuildPhase;
			buildActionMask = 2147483647;
			files = (
				4A418AB7B79830CD57E57D5D /* Pods_PedagochiWatch_Extension.framework in Frameworks */,
			);
			runOnlyForDeploymentPostprocessing = 0;
		};
/* End PBXFrameworksBuildPhase section */

/* Begin PBXGroup section */
		7153008C08E51DA3D88BD6A8 /* Frameworks */ = {
			isa = PBXGroup;
			children = (
				F758A3B71CE64B6D00122589 /* HealthKit.framework */,
				1C6659B19F91A031E74ACE4E /* Pods_Pedagochi.framework */,
				1DE593967FDD3F682D97F88C /* Pods_PedagochiWatch_Extension.framework */,
			);
			name = Frameworks;
			sourceTree = "<group>";
		};
		83D5898DBBD7C6EC1AA22E29 /* Pods */ = {
			isa = PBXGroup;
			children = (
				ED4232906E88D11ADE8121C3 /* Pods-Pedagochi.debug.xcconfig */,
				A3F40E11B441001946884D9C /* Pods-Pedagochi.release.xcconfig */,
				84CB0E6ED70187BCBBB354DD /* Pods-PedagochiWatch Extension.debug.xcconfig */,
				6BEBA46331021302C924C73F /* Pods-PedagochiWatch Extension.release.xcconfig */,
			);
			name = Pods;
			sourceTree = "<group>";
		};
		AF0FC7591C761A4700BED1EF /* ExpandableTableView */ = {
			isa = PBXGroup;
			children = (
				AF0FC75A1C761B0900BED1EF /* HistoryViewController.swift */,
			);
			path = ExpandableTableView;
			sourceTree = "<group>";
		};
		AF39AAB71C6E19F8001D2291 = {
			isa = PBXGroup;
			children = (
				F7A12FDB1CD818E6004D015C /* CareKit.xcodeproj */,
				F7B87BF41CD797290067FEC9 /* ResearchKit.xcodeproj */,
				F7516F7B1CAAB9FA006CC740 /* .gitignore */,
				F7CE55841CADE877008BAABC /* PedagochiWatch */,
				F7CE55931CADE878008BAABC /* PedagochiWatch Extension */,
				7153008C08E51DA3D88BD6A8 /* Frameworks */,
				AF39AAC21C6E19F8001D2291 /* Pedagochi */,
				AF39AAC11C6E19F8001D2291 /* Products */,
				83D5898DBBD7C6EC1AA22E29 /* Pods */,
			);
			sourceTree = "<group>";
		};
		AF39AAC11C6E19F8001D2291 /* Products */ = {
			isa = PBXGroup;
			children = (
				AF39AAC01C6E19F8001D2291 /* Pedagochi.app */,
				F7CE55831CADE877008BAABC /* PedagochiWatch.app */,
				F7CE558F1CADE878008BAABC /* PedagochiWatch Extension.appex */,
			);
			name = Products;
			sourceTree = "<group>";
		};
		AF39AAC21C6E19F8001D2291 /* Pedagochi */ = {
			isa = PBXGroup;
			children = (
				F758A3B61CE64B6D00122589 /* Pedagochi.entitlements */,
				F74C70311CA4345200488495 /* Constants */,
				F74C702D1CA4336500488495 /* Controllers */,
				F74C70221CA385D600488495 /* Custom Row and Cell */,
				AF0FC7591C761A4700BED1EF /* ExpandableTableView */,
				F74C702E1CA433B100488495 /* Model */,
				AF39AAC31C6E19F8001D2291 /* AppDelegate.swift */,
				AF39AACA1C6E19F8001D2291 /* Assets.xcassets */,
				AF39AACF1C6E19F8001D2291 /* Info.plist */,
				AF39AACC1C6E19F8001D2291 /* LaunchScreen.storyboard */,
				AF39AAC71C6E19F8001D2291 /* Main.storyboard */,
				F71996721CA15F3600ED1CA4 /* Pedagochi-Bridging-Header.h */,
			);
			path = Pedagochi;
			sourceTree = "<group>";
		};
		AF3FE4861CB569DF00CE6EF2 /* AFDateHelper */ = {
			isa = PBXGroup;
			children = (
				AF3FE4871CB569DF00CE6EF2 /* AFDateHelper */,
				AF3FE4891CB569DF00CE6EF2 /* LICENSE */,
				AF3FE48A1CB569DF00CE6EF2 /* README.md */,
			);
			path = AFDateHelper;
			sourceTree = "<group>";
		};
		AF3FE4871CB569DF00CE6EF2 /* AFDateHelper */ = {
			isa = PBXGroup;
			children = (
				AF3FE4881CB569DF00CE6EF2 /* AFDateExtension.swift */,
			);
			path = AFDateHelper;
			sourceTree = "<group>";
		};
		F74C70221CA385D600488495 /* Custom Row and Cell */ = {
			isa = PBXGroup;
			children = (
				F74C70231CA3860400488495 /* Helpers */,
				F74C70261CA3861000488495 /* CustomCells.swift */,
				F74C70281CA3862B00488495 /* WeekDaysCell.xib */,
			);
			path = "Custom Row and Cell";
			sourceTree = "<group>";
		};
		F74C70231CA3860400488495 /* Helpers */ = {
			isa = PBXGroup;
			children = (
				F74C70241CA3860400488495 /* FloatLabelTextField.swift */,
			);
			path = Helpers;
			sourceTree = "<group>";
		};
		F74C702D1CA4336500488495 /* Controllers */ = {
			isa = PBXGroup;
			children = (
				F7516F7F1CAAC87C006CC740 /* TableViewControllers */,
				AF0FC7241C726DB800BED1EF /* HomeViewController.swift */,
				AF39AAD51C6E3EB8001D2291 /* LoginViewController.swift */,
				F71996871CA1C64F00ED1CA4 /* NewBGEntryViewController.swift */,
				F71996851CA1B7A500ED1CA4 /* TabBarViewController.swift */,
				F7CE55571CAB122F008BAABC /* HistorySwitchViewController.swift */,
				F7E2A5841CBD97B200C641E0 /* HistoryCellViewController.swift */,
				F73C651A1CC3F2020060715F /* ComposeMessageViewController.swift */,
				F7B87C041CD7CE640067FEC9 /* CareCardViewController.swift */,
				F7A12FE91CD8A192004D015C /* DashboardViewController.swift */,
				F7DA43341CFBC1A4007D6AE7 /* UserProfilePageViewController.swift */,
				F7DA433B1CFC9ED8007D6AE7 /* LocationsViewController.swift */,
				F7DA43451CFCAB1A007D6AE7 /* LocationSearchTableTableViewController.swift */,
				F7A09F571D064FCF00089C43 /* WebViewController.swift */,
			);
			path = Controllers;
			sourceTree = "<group>";
		};
		F74C702E1CA433B100488495 /* Model */ = {
			isa = PBXGroup;
			children = (
				F7B87BEF1CD78F250067FEC9 /* CareKit */,
				F7E2A5811CBD7ED700C641E0 /* TableView Cells */,
				F719968B1CA2CE9800ED1CA4 /* ActivityDetector.swift */,
				F74C702F1CA433E200488495 /* FirebaseDataService.swift */,
				AF39AAD91C6E9368001D2291 /* Insulin.swift */,
				AF39AAD71C6E86B3001D2291 /* PedagochiEntry.swift */,
				F7516F791CAA9299006CC740 /* ChartDataPoint.swift */,
				F7CE55A91CB1D56D008BAABC /* PedagochiWatchConnectivity.swift */,
				F7A39A211CB2795D00558DA5 /* MathFunction.swift */,
				AF3FE4901CB71FCB00CE6EF2 /* LocationManager.swift */,
				AF3FE4931CB7D3AE00CE6EF2 /* LocationManagerDelegate.swift */,
				F73C65181CC3E4460060715F /* NewsFeedMessage.swift */,
				F73C651E1CC42E0B0060715F /* User.swift */,
				F73C65201CC53A0B0060715F /* SettingsManager.swift */,
				F73C65221CC6B37B0060715F /* StepTrackerManager.swift */,
				F73C65241CC7A8980060715F /* WeightedMovingAverage.swift */,
				F7E223AC1CCD8649006BCB80 /* PedometerManager.swift */,
				F7E223AE1CCD86D5006BCB80 /* MovingAverage.swift */,
				F758A3B41CE5FFD700122589 /* PedagochiUserStatistics.swift */,
				F758A3B91CE64C9200122589 /* HealthManager.swift */,
				F78E48611CE9E10C00ADC3D9 /* RulesManager.swift */,
				F78E48671CE9E87100ADC3D9 /* NormalHealthParameters.swift */,
				F78E48691CEA003300ADC3D9 /* PedagochiParameterNames.swift */,
				F76358EE1CFA44350096D85D /* TimingManager.swift */,
				F76358F01CFA58950096D85D /* NetworkingManager.swift */,
				F76358FC1CFB12E20096D85D /* NotificationsManager.swift */,
				F7DA43371CFC5764007D6AE7 /* FileManager.swift */,
				F7DA43391CFC7BBC007D6AE7 /* GeocodingManager.swift */,
				F7DA43471CFCF187007D6AE7 /* LocationContextHandler.swift */,
				F7DA43491CFCF367007D6AE7 /* Home.swift */,
				F7DA434B1CFDCA51007D6AE7 /* ContextBuilder.swift */,
				F7DA434D1CFDD22E007D6AE7 /* Keywords.swift */,
				F7DA434F1CFDF47C007D6AE7 /* InformationGenerator.swift */,
				F7DA43551CFE34B4007D6AE7 /* InfoModel.swift */,
				F7A09F471D05CA1100089C43 /* Settings.swift */,
			);
			path = Model;
			sourceTree = "<group>";
		};
		F74C70311CA4345200488495 /* Constants */ = {
			isa = PBXGroup;
			children = (
				F74C70321CA4346700488495 /* Constants.swift */,
			);
			path = Constants;
			sourceTree = "<group>";
		};
		F7516F7F1CAAC87C006CC740 /* TableViewControllers */ = {
			isa = PBXGroup;
			children = (
				F7516F7D1CAAC844006CC740 /* HistoryTableViewController.swift */,
				F7E2A57F1CBD390400C641E0 /* SettingsTableViewController.swift */,
				F7ED67B11CC05801005A8DDD /* NewsFeedViewController.swift */,
				F7DA43511CFE21E2007D6AE7 /* InformationTableViewController.swift */,
				F7A09F4F1D0609FD00089C43 /* NewHistoryViewController.swift */,
				F7A09F551D06253D00089C43 /* NewHistoryCellViewController.swift */,
			);
			name = TableViewControllers;
			sourceTree = "<group>";
		};
		F7A12FDC1CD818E6004D015C /* Products */ = {
			isa = PBXGroup;
			children = (
				F7A12FE21CD818E6004D015C /* CareKit.framework */,
				F7A12FE41CD818E6004D015C /* CareKitTests.xctest */,
			);
			name = Products;
			sourceTree = "<group>";
		};
		F7B87BEF1CD78F250067FEC9 /* CareKit */ = {
			isa = PBXGroup;
			children = (
				F7B87BF21CD792400067FEC9 /* Colors.swift */,
				F7B87BE61CD78E240067FEC9 /* SampleData.swift */,
				F7B87BF11CD78F470067FEC9 /* Activities */,
				F7B87BF01CD78F370067FEC9 /* Store Manager */,
			);
			name = CareKit;
			sourceTree = "<group>";
		};
		F7B87BF01CD78F370067FEC9 /* Store Manager */ = {
			isa = PBXGroup;
			children = (
				F7B87BE51CD78E240067FEC9 /* CarePlanStoreManager.swift */,
			);
			name = "Store Manager";
			sourceTree = "<group>";
		};
		F7B87BF11CD78F470067FEC9 /* Activities */ = {
			isa = PBXGroup;
			children = (
				F7B87BE71CD78E240067FEC9 /* Activity.swift */,
				F7B87BE81CD78E240067FEC9 /* GlucoseLevelGoal.swift */,
				F7B87BE91CD78E240067FEC9 /* StepsGoal.swift */,
				F7B87C021CD7C6200067FEC9 /* LogGoal.swift */,
			);
			name = Activities;
			sourceTree = "<group>";
		};
		F7B87BF51CD797290067FEC9 /* Products */ = {
			isa = PBXGroup;
			children = (
				F7B87BFB1CD7972A0067FEC9 /* ResearchKit.framework */,
				F7B87BFD1CD7972A0067FEC9 /* ResearchKitTests.xctest */,
			);
			name = Products;
			sourceTree = "<group>";
		};
		F7CE55841CADE877008BAABC /* PedagochiWatch */ = {
			isa = PBXGroup;
			children = (
				F7CE55851CADE877008BAABC /* Interface.storyboard */,
				F7CE55881CADE877008BAABC /* Assets.xcassets */,
				F7CE558A1CADE877008BAABC /* Info.plist */,
			);
			path = PedagochiWatch;
			sourceTree = "<group>";
		};
		F7CE55931CADE878008BAABC /* PedagochiWatch Extension */ = {
			isa = PBXGroup;
			children = (
				AF3FE4861CB569DF00CE6EF2 /* AFDateHelper */,
				F7CE55941CADE878008BAABC /* InterfaceController.swift */,
				F7CE55961CADE878008BAABC /* ExtensionDelegate.swift */,
				F7CE55981CADE878008BAABC /* Assets.xcassets */,
				F7CE559A1CADE878008BAABC /* Info.plist */,
				F7A39A1F1CB1DAC100558DA5 /* PedagochiPhoneConnectivity.swift */,
				F7DDC85C1CB3F5980050FD03 /* BloodGlucoseEntryInterfaceController.swift */,
				AF92F6441CB4293800852343 /* PedagochiWatchEntry.swift */,
				AF92F6461CB42D1000852343 /* CarbsEntryInterfaceController.swift */,
				AF3FE48E1CB56F8900CE6EF2 /* FirebaseHelper.swift */,
				AF3FE49A1CB7DDCF00CE6EF2 /* PickerProtocol.swift */,
				F77A35E31CE768260010D970 /* Pedometer.swift */,
				F7A09F3C1D05A2EE00089C43 /* InsulinEntryInterfaceController.swift */,
				F7A09F4B1D05CB0300089C43 /* ColourPicker.swift */,
			);
			path = "PedagochiWatch Extension";
			sourceTree = "<group>";
		};
		F7E2A5811CBD7ED700C641E0 /* TableView Cells */ = {
			isa = PBXGroup;
			children = (
				F7E2A5821CBD7F1400C641E0 /* HistoryTableViewCell.swift */,
				F73C65141CC05E4C0060715F /* NewBloodGlucoseUpdateTableViewCell.swift */,
				F73C65161CC3E1750060715F /* NewMessageTableViewCell.swift */,
				F7DA43531CFE3255007D6AE7 /* InformationTableViewCell.swift */,
			);
			name = "TableView Cells";
			sourceTree = "<group>";
		};
/* End PBXGroup section */

/* Begin PBXNativeTarget section */
		AF39AABF1C6E19F8001D2291 /* Pedagochi */ = {
			isa = PBXNativeTarget;
			buildConfigurationList = AF39AAD21C6E19F8001D2291 /* Build configuration list for PBXNativeTarget "Pedagochi" */;
			buildPhases = (
				3D13FD2DDF278D10B5C62D42 /* 📦 Check Pods Manifest.lock */,
				AF39AABC1C6E19F8001D2291 /* Sources */,
				AF39AABD1C6E19F8001D2291 /* Frameworks */,
				AF39AABE1C6E19F8001D2291 /* Resources */,
				F7CE55A51CADE878008BAABC /* Embed Watch Content */,
				F76653271CD787D4002FFC46 /* Embed Frameworks */,
				7AFD37D946955F582ECEC73A /* 📦 Embed Pods Frameworks */,
				9CD4BF8B7DD19E6B124CB643 /* 📦 Copy Pods Resources */,
			);
			buildRules = (
			);
			dependencies = (
				F7CE559C1CADE878008BAABC /* PBXTargetDependency */,
				F7B87C011CD7973D0067FEC9 /* PBXTargetDependency */,
				F7A12FE81CD818F3004D015C /* PBXTargetDependency */,
			);
			name = Pedagochi;
			productName = Pedagochi;
			productReference = AF39AAC01C6E19F8001D2291 /* Pedagochi.app */;
			productType = "com.apple.product-type.application";
		};
		F7CE55821CADE877008BAABC /* PedagochiWatch */ = {
			isa = PBXNativeTarget;
			buildConfigurationList = F7CE55A41CADE878008BAABC /* Build configuration list for PBXNativeTarget "PedagochiWatch" */;
			buildPhases = (
				F7CE55811CADE877008BAABC /* Resources */,
				F7CE55A31CADE878008BAABC /* Embed App Extensions */,
				EE2B5DF7D63EE42219B927A3 /* Frameworks */,
			);
			buildRules = (
			);
			dependencies = (
				F7CE55921CADE878008BAABC /* PBXTargetDependency */,
			);
			name = PedagochiWatch;
			productName = PedagochiWatch;
			productReference = F7CE55831CADE877008BAABC /* PedagochiWatch.app */;
			productType = "com.apple.product-type.application.watchapp2";
		};
		F7CE558E1CADE878008BAABC /* PedagochiWatch Extension */ = {
			isa = PBXNativeTarget;
			buildConfigurationList = F7CE55A21CADE878008BAABC /* Build configuration list for PBXNativeTarget "PedagochiWatch Extension" */;
			buildPhases = (
				5E39107D6B97CDF12C84ADC4 /* 📦 Check Pods Manifest.lock */,
				F7CE558B1CADE878008BAABC /* Sources */,
				F7CE558C1CADE878008BAABC /* Frameworks */,
				F7CE558D1CADE878008BAABC /* Resources */,
				AA649579DED610EB52FF4BA2 /* 📦 Embed Pods Frameworks */,
				32B3CC9BBF9DA06FDE9DA562 /* 📦 Copy Pods Resources */,
			);
			buildRules = (
			);
			dependencies = (
			);
			name = "PedagochiWatch Extension";
			productName = "PedagochiWatch Extension";
			productReference = F7CE558F1CADE878008BAABC /* PedagochiWatch Extension.appex */;
			productType = "com.apple.product-type.watchkit2-extension";
		};
/* End PBXNativeTarget section */

/* Begin PBXProject section */
		AF39AAB81C6E19F8001D2291 /* Project object */ = {
			isa = PBXProject;
			attributes = {
				LastSwiftUpdateCheck = 0730;
				LastUpgradeCheck = 0720;
				ORGANIZATIONNAME = "Tobi Adewuyi";
				TargetAttributes = {
					AF39AABF1C6E19F8001D2291 = {
						CreatedOnToolsVersion = 7.2.1;
						DevelopmentTeam = ZJE75568BW;
						SystemCapabilities = {
							com.apple.BackgroundModes = {
								enabled = 1;
							};
							com.apple.HealthKit = {
								enabled = 1;
							};
						};
					};
					F7CE55821CADE877008BAABC = {
						CreatedOnToolsVersion = 7.3;
						DevelopmentTeam = ZJE75568BW;
					};
					F7CE558E1CADE878008BAABC = {
						CreatedOnToolsVersion = 7.3;
						DevelopmentTeam = ZJE75568BW;
					};
				};
			};
			buildConfigurationList = AF39AABB1C6E19F8001D2291 /* Build configuration list for PBXProject "Pedagochi" */;
			compatibilityVersion = "Xcode 3.2";
			developmentRegion = English;
			hasScannedForEncodings = 0;
			knownRegions = (
				en,
				Base,
			);
			mainGroup = AF39AAB71C6E19F8001D2291;
			productRefGroup = AF39AAC11C6E19F8001D2291 /* Products */;
			projectDirPath = "";
			projectReferences = (
				{
					ProductGroup = F7A12FDC1CD818E6004D015C /* Products */;
					ProjectRef = F7A12FDB1CD818E6004D015C /* CareKit.xcodeproj */;
				},
				{
					ProductGroup = F7B87BF51CD797290067FEC9 /* Products */;
					ProjectRef = F7B87BF41CD797290067FEC9 /* ResearchKit.xcodeproj */;
				},
			);
			projectRoot = "";
			targets = (
				AF39AABF1C6E19F8001D2291 /* Pedagochi */,
				F7CE55821CADE877008BAABC /* PedagochiWatch */,
				F7CE558E1CADE878008BAABC /* PedagochiWatch Extension */,
			);
		};
/* End PBXProject section */

/* Begin PBXReferenceProxy section */
		F7A12FE21CD818E6004D015C /* CareKit.framework */ = {
			isa = PBXReferenceProxy;
			fileType = wrapper.framework;
			path = CareKit.framework;
			remoteRef = F7A12FE11CD818E6004D015C /* PBXContainerItemProxy */;
			sourceTree = BUILT_PRODUCTS_DIR;
		};
		F7A12FE41CD818E6004D015C /* CareKitTests.xctest */ = {
			isa = PBXReferenceProxy;
			fileType = wrapper.cfbundle;
			path = CareKitTests.xctest;
			remoteRef = F7A12FE31CD818E6004D015C /* PBXContainerItemProxy */;
			sourceTree = BUILT_PRODUCTS_DIR;
		};
		F7B87BFB1CD7972A0067FEC9 /* ResearchKit.framework */ = {
			isa = PBXReferenceProxy;
			fileType = wrapper.framework;
			path = ResearchKit.framework;
			remoteRef = F7B87BFA1CD7972A0067FEC9 /* PBXContainerItemProxy */;
			sourceTree = BUILT_PRODUCTS_DIR;
		};
		F7B87BFD1CD7972A0067FEC9 /* ResearchKitTests.xctest */ = {
			isa = PBXReferenceProxy;
			fileType = wrapper.cfbundle;
			path = ResearchKitTests.xctest;
			remoteRef = F7B87BFC1CD7972A0067FEC9 /* PBXContainerItemProxy */;
			sourceTree = BUILT_PRODUCTS_DIR;
		};
/* End PBXReferenceProxy section */

/* Begin PBXResourcesBuildPhase section */
		AF39AABE1C6E19F8001D2291 /* Resources */ = {
			isa = PBXResourcesBuildPhase;
			buildActionMask = 2147483647;
			files = (
				F7516F7C1CAAB9FA006CC740 /* .gitignore in Resources */,
				AF39AACE1C6E19F8001D2291 /* LaunchScreen.storyboard in Resources */,
				AF39AACB1C6E19F8001D2291 /* Assets.xcassets in Resources */,
				AF39AAC91C6E19F8001D2291 /* Main.storyboard in Resources */,
				F74C70291CA3862B00488495 /* WeekDaysCell.xib in Resources */,
			);
			runOnlyForDeploymentPostprocessing = 0;
		};
		F7CE55811CADE877008BAABC /* Resources */ = {
			isa = PBXResourcesBuildPhase;
			buildActionMask = 2147483647;
			files = (
				F7CE55891CADE877008BAABC /* Assets.xcassets in Resources */,
				F7CE55871CADE877008BAABC /* Interface.storyboard in Resources */,
			);
			runOnlyForDeploymentPostprocessing = 0;
		};
		F7CE558D1CADE878008BAABC /* Resources */ = {
			isa = PBXResourcesBuildPhase;
			buildActionMask = 2147483647;
			files = (
				F7A09F451D05C3F500089C43 /* Assets.xcassets in Resources */,
				AF3FE48C1CB569DF00CE6EF2 /* LICENSE in Resources */,
				F7CE55991CADE878008BAABC /* Assets.xcassets in Resources */,
			);
			runOnlyForDeploymentPostprocessing = 0;
		};
/* End PBXResourcesBuildPhase section */

/* Begin PBXShellScriptBuildPhase section */
		32B3CC9BBF9DA06FDE9DA562 /* 📦 Copy Pods Resources */ = {
			isa = PBXShellScriptBuildPhase;
			buildActionMask = 2147483647;
			files = (
			);
			inputPaths = (
			);
			name = "📦 Copy Pods Resources";
			outputPaths = (
			);
			runOnlyForDeploymentPostprocessing = 0;
			shellPath = /bin/sh;
			shellScript = "\"${SRCROOT}/Pods/Target Support Files/Pods-PedagochiWatch Extension/Pods-PedagochiWatch Extension-resources.sh\"\n";
			showEnvVarsInLog = 0;
		};
		3D13FD2DDF278D10B5C62D42 /* 📦 Check Pods Manifest.lock */ = {
			isa = PBXShellScriptBuildPhase;
			buildActionMask = 2147483647;
			files = (
			);
			inputPaths = (
			);
			name = "📦 Check Pods Manifest.lock";
			outputPaths = (
			);
			runOnlyForDeploymentPostprocessing = 0;
			shellPath = /bin/sh;
			shellScript = "diff \"${PODS_ROOT}/../Podfile.lock\" \"${PODS_ROOT}/Manifest.lock\" > /dev/null\nif [[ $? != 0 ]] ; then\n    cat << EOM\nerror: The sandbox is not in sync with the Podfile.lock. Run 'pod install' or update your CocoaPods installation.\nEOM\n    exit 1\nfi\n";
			showEnvVarsInLog = 0;
		};
		5E39107D6B97CDF12C84ADC4 /* 📦 Check Pods Manifest.lock */ = {
			isa = PBXShellScriptBuildPhase;
			buildActionMask = 2147483647;
			files = (
			);
			inputPaths = (
			);
			name = "📦 Check Pods Manifest.lock";
			outputPaths = (
			);
			runOnlyForDeploymentPostprocessing = 0;
			shellPath = /bin/sh;
			shellScript = "diff \"${PODS_ROOT}/../Podfile.lock\" \"${PODS_ROOT}/Manifest.lock\" > /dev/null\nif [[ $? != 0 ]] ; then\n    cat << EOM\nerror: The sandbox is not in sync with the Podfile.lock. Run 'pod install' or update your CocoaPods installation.\nEOM\n    exit 1\nfi\n";
			showEnvVarsInLog = 0;
		};
		7AFD37D946955F582ECEC73A /* 📦 Embed Pods Frameworks */ = {
			isa = PBXShellScriptBuildPhase;
			buildActionMask = 2147483647;
			files = (
			);
			inputPaths = (
			);
			name = "📦 Embed Pods Frameworks";
			outputPaths = (
			);
			runOnlyForDeploymentPostprocessing = 0;
			shellPath = /bin/sh;
			shellScript = "\"${SRCROOT}/Pods/Target Support Files/Pods-Pedagochi/Pods-Pedagochi-frameworks.sh\"\n";
			showEnvVarsInLog = 0;
		};
		9CD4BF8B7DD19E6B124CB643 /* 📦 Copy Pods Resources */ = {
			isa = PBXShellScriptBuildPhase;
			buildActionMask = 2147483647;
			files = (
			);
			inputPaths = (
			);
			name = "📦 Copy Pods Resources";
			outputPaths = (
			);
			runOnlyForDeploymentPostprocessing = 0;
			shellPath = /bin/sh;
			shellScript = "\"${SRCROOT}/Pods/Target Support Files/Pods-Pedagochi/Pods-Pedagochi-resources.sh\"\n";
			showEnvVarsInLog = 0;
		};
		AA649579DED610EB52FF4BA2 /* 📦 Embed Pods Frameworks */ = {
			isa = PBXShellScriptBuildPhase;
			buildActionMask = 2147483647;
			files = (
			);
			inputPaths = (
			);
			name = "📦 Embed Pods Frameworks";
			outputPaths = (
			);
			runOnlyForDeploymentPostprocessing = 0;
			shellPath = /bin/sh;
			shellScript = "\"${SRCROOT}/Pods/Target Support Files/Pods-PedagochiWatch Extension/Pods-PedagochiWatch Extension-frameworks.sh\"\n";
			showEnvVarsInLog = 0;
		};
/* End PBXShellScriptBuildPhase section */

/* Begin PBXSourcesBuildPhase section */
		AF39AABC1C6E19F8001D2291 /* Sources */ = {
			isa = PBXSourcesBuildPhase;
			buildActionMask = 2147483647;
			files = (
				F74C70331CA4346700488495 /* Constants.swift in Sources */,
				F73C651B1CC3F2020060715F /* ComposeMessageViewController.swift in Sources */,
				F7DA43381CFC5764007D6AE7 /* FileManager.swift in Sources */,
				F7E2A5851CBD97B200C641E0 /* HistoryCellViewController.swift in Sources */,
				F74C70271CA3861000488495 /* CustomCells.swift in Sources */,
				F73C65251CC7A8980060715F /* WeightedMovingAverage.swift in Sources */,
				F7CE55AA1CB1D56D008BAABC /* PedagochiWatchConnectivity.swift in Sources */,
				F7A12FEA1CD8A192004D015C /* DashboardViewController.swift in Sources */,
				F7B87BEA1CD78E240067FEC9 /* CarePlanStoreManager.swift in Sources */,
				AF3FE4911CB71FCB00CE6EF2 /* LocationManager.swift in Sources */,
				F7DA43351CFBC1A4007D6AE7 /* UserProfilePageViewController.swift in Sources */,
				F71996861CA1B7A500ED1CA4 /* TabBarViewController.swift in Sources */,
				F71996881CA1C65000ED1CA4 /* NewBGEntryViewController.swift in Sources */,
				F7DA433C1CFC9ED8007D6AE7 /* LocationsViewController.swift in Sources */,
				F7DA43521CFE21E2007D6AE7 /* InformationTableViewController.swift in Sources */,
				AF39AAD61C6E3EB8001D2291 /* LoginViewController.swift in Sources */,
				F7DA43541CFE3255007D6AE7 /* InformationTableViewCell.swift in Sources */,
				F7A09F501D0609FD00089C43 /* NewHistoryViewController.swift in Sources */,
				F7A39A221CB2795E00558DA5 /* MathFunction.swift in Sources */,
				AF3FE4941CB7D3AE00CE6EF2 /* LocationManagerDelegate.swift in Sources */,
				F74C70301CA433E200488495 /* FirebaseDataService.swift in Sources */,
				F73C65191CC3E4460060715F /* NewsFeedMessage.swift in Sources */,
				F7E223AD1CCD8649006BCB80 /* PedometerManager.swift in Sources */,
				F758A3BA1CE64C9200122589 /* HealthManager.swift in Sources */,
				F7DA43481CFCF188007D6AE7 /* LocationContextHandler.swift in Sources */,
				F73C65151CC05E4C0060715F /* NewBloodGlucoseUpdateTableViewCell.swift in Sources */,
				F73C65171CC3E1750060715F /* NewMessageTableViewCell.swift in Sources */,
				F78E486A1CEA003300ADC3D9 /* PedagochiParameterNames.swift in Sources */,
				F73C651F1CC42E0C0060715F /* User.swift in Sources */,
				F7B87BEC1CD78E240067FEC9 /* Activity.swift in Sources */,
				F78E48681CE9E87100ADC3D9 /* NormalHealthParameters.swift in Sources */,
				F74C70251CA3860400488495 /* FloatLabelTextField.swift in Sources */,
				F7B87C051CD7CE640067FEC9 /* CareCardViewController.swift in Sources */,
				F7E223AF1CCD86D5006BCB80 /* MovingAverage.swift in Sources */,
				F7DA43561CFE34B4007D6AE7 /* InfoModel.swift in Sources */,
				AF39AAD81C6E86B3001D2291 /* PedagochiEntry.swift in Sources */,
				F7B87BEE1CD78E240067FEC9 /* StepsGoal.swift in Sources */,
				F7A09F581D064FCF00089C43 /* WebViewController.swift in Sources */,
				F719968C1CA2CE9900ED1CA4 /* ActivityDetector.swift in Sources */,
				AF0FC7251C726DB800BED1EF /* HomeViewController.swift in Sources */,
				AF39AAC41C6E19F8001D2291 /* AppDelegate.swift in Sources */,
				F7DA434E1CFDD22E007D6AE7 /* Keywords.swift in Sources */,
				F76358FD1CFB12E20096D85D /* NotificationsManager.swift in Sources */,
				F7516F7E1CAAC844006CC740 /* HistoryTableViewController.swift in Sources */,
				F7A09F481D05CA1100089C43 /* Settings.swift in Sources */,
				F7A09F561D06253D00089C43 /* NewHistoryCellViewController.swift in Sources */,
				F76358EF1CFA44350096D85D /* TimingManager.swift in Sources */,
				AF0FC75B1C761B0900BED1EF /* HistoryViewController.swift in Sources */,
				AF39AADA1C6E9368001D2291 /* Insulin.swift in Sources */,
				F7DA43461CFCAB1A007D6AE7 /* LocationSearchTableTableViewController.swift in Sources */,
				F7CE55581CAB122F008BAABC /* HistorySwitchViewController.swift in Sources */,
				F78E48621CE9E10D00ADC3D9 /* RulesManager.swift in Sources */,
				F7DA43501CFDF47C007D6AE7 /* InformationGenerator.swift in Sources */,
				F7DA434A1CFCF367007D6AE7 /* Home.swift in Sources */,
				F7B87BF31CD792400067FEC9 /* Colors.swift in Sources */,
				F7E2A5801CBD390400C641E0 /* SettingsTableViewController.swift in Sources */,
				F758A3B51CE5FFD700122589 /* PedagochiUserStatistics.swift in Sources */,
				F7DA434C1CFDCA51007D6AE7 /* ContextBuilder.swift in Sources */,
				F7E2A5831CBD7F1500C641E0 /* HistoryTableViewCell.swift in Sources */,
				F7DA433A1CFC7BBC007D6AE7 /* GeocodingManager.swift in Sources */,
				F76358F11CFA58950096D85D /* NetworkingManager.swift in Sources */,
				F7B87BED1CD78E240067FEC9 /* GlucoseLevelGoal.swift in Sources */,
				F73C65211CC53A0C0060715F /* SettingsManager.swift in Sources */,
				F73C65231CC6B37B0060715F /* StepTrackerManager.swift in Sources */,
				F7516F7A1CAA9299006CC740 /* ChartDataPoint.swift in Sources */,
				AF3FE49D1CB7E19B00CE6EF2 /* PickerProtocol.swift in Sources */,
				F7B87C031CD7C6200067FEC9 /* LogGoal.swift in Sources */,
				F7B87BEB1CD78E240067FEC9 /* SampleData.swift in Sources */,
				F7ED67B21CC05801005A8DDD /* NewsFeedViewController.swift in Sources */,
			);
			runOnlyForDeploymentPostprocessing = 0;
		};
		F7CE558B1CADE878008BAABC /* Sources */ = {
			isa = PBXSourcesBuildPhase;
			buildActionMask = 2147483647;
			files = (
				AF3FE48B1CB569DF00CE6EF2 /* AFDateExtension.swift in Sources */,
				AF3FE4951CB7D3F500CE6EF2 /* LocationManagerDelegate.swift in Sources */,
				AF92F6471CB42D1000852343 /* CarbsEntryInterfaceController.swift in Sources */,
				F7A09F491D05CA4E00089C43 /* NormalHealthParameters.swift in Sources */,
				AF3FE4971CB7D6E300CE6EF2 /* PedagochiWatchEntry.swift in Sources */,
				F7A39A201CB1DAC100558DA5 /* PedagochiPhoneConnectivity.swift in Sources */,
				F7DDC85D1CB3F5990050FD03 /* BloodGlucoseEntryInterfaceController.swift in Sources */,
				AF3FE48F1CB56F8900CE6EF2 /* FirebaseHelper.swift in Sources */,
				F7A09F4C1D05CB0300089C43 /* ColourPicker.swift in Sources */,
				F7CE55971CADE878008BAABC /* ExtensionDelegate.swift in Sources */,
				F7A09F4A1D05CA5C00089C43 /* Settings.swift in Sources */,
				AF3FE48D1CB569DF00CE6EF2 /* README.md in Sources */,
				F7CE55951CADE878008BAABC /* InterfaceController.swift in Sources */,
				F7A09F3D1D05A2F000089C43 /* InsulinEntryInterfaceController.swift in Sources */,
				AF3FE49B1CB7DDCF00CE6EF2 /* PickerProtocol.swift in Sources */,
				F77A35E41CE768260010D970 /* Pedometer.swift in Sources */,
			);
			runOnlyForDeploymentPostprocessing = 0;
		};
/* End PBXSourcesBuildPhase section */

/* Begin PBXTargetDependency section */
		F7A12FE81CD818F3004D015C /* PBXTargetDependency */ = {
			isa = PBXTargetDependency;
			name = CareKit;
			targetProxy = F7A12FE71CD818F3004D015C /* PBXContainerItemProxy */;
		};
		F7B87C011CD7973D0067FEC9 /* PBXTargetDependency */ = {
			isa = PBXTargetDependency;
			name = ResearchKit;
			targetProxy = F7B87C001CD7973D0067FEC9 /* PBXContainerItemProxy */;
		};
		F7CE55921CADE878008BAABC /* PBXTargetDependency */ = {
			isa = PBXTargetDependency;
			target = F7CE558E1CADE878008BAABC /* PedagochiWatch Extension */;
			targetProxy = F7CE55911CADE878008BAABC /* PBXContainerItemProxy */;
		};
		F7CE559C1CADE878008BAABC /* PBXTargetDependency */ = {
			isa = PBXTargetDependency;
			target = F7CE55821CADE877008BAABC /* PedagochiWatch */;
			targetProxy = F7CE559B1CADE878008BAABC /* PBXContainerItemProxy */;
		};
/* End PBXTargetDependency section */

/* Begin PBXVariantGroup section */
		AF39AAC71C6E19F8001D2291 /* Main.storyboard */ = {
			isa = PBXVariantGroup;
			children = (
				AF39AAC81C6E19F8001D2291 /* Base */,
			);
			name = Main.storyboard;
			path = .;
			sourceTree = "<group>";
		};
		AF39AACC1C6E19F8001D2291 /* LaunchScreen.storyboard */ = {
			isa = PBXVariantGroup;
			children = (
				AF39AACD1C6E19F8001D2291 /* Base */,
			);
			name = LaunchScreen.storyboard;
			path = .;
			sourceTree = "<group>";
		};
		F7CE55851CADE877008BAABC /* Interface.storyboard */ = {
			isa = PBXVariantGroup;
			children = (
				F7CE55861CADE877008BAABC /* Base */,
			);
			name = Interface.storyboard;
			sourceTree = "<group>";
		};
/* End PBXVariantGroup section */

/* Begin XCBuildConfiguration section */
		AF39AAD01C6E19F8001D2291 /* Debug */ = {
			isa = XCBuildConfiguration;
			buildSettings = {
				ALWAYS_SEARCH_USER_PATHS = NO;
				CLANG_CXX_LANGUAGE_STANDARD = "gnu++0x";
				CLANG_CXX_LIBRARY = "libc++";
				CLANG_ENABLE_MODULES = YES;
				CLANG_ENABLE_OBJC_ARC = YES;
				CLANG_WARN_BOOL_CONVERSION = YES;
				CLANG_WARN_CONSTANT_CONVERSION = YES;
				CLANG_WARN_DIRECT_OBJC_ISA_USAGE = YES_ERROR;
				CLANG_WARN_EMPTY_BODY = YES;
				CLANG_WARN_ENUM_CONVERSION = YES;
				CLANG_WARN_INT_CONVERSION = YES;
				CLANG_WARN_OBJC_ROOT_CLASS = YES_ERROR;
				CLANG_WARN_UNREACHABLE_CODE = YES;
				CLANG_WARN__DUPLICATE_METHOD_MATCH = YES;
				"CODE_SIGN_IDENTITY[sdk=iphoneos*]" = "iPhone Developer";
				COPY_PHASE_STRIP = NO;
				DEBUG_INFORMATION_FORMAT = dwarf;
				ENABLE_STRICT_OBJC_MSGSEND = YES;
				ENABLE_TESTABILITY = YES;
				GCC_C_LANGUAGE_STANDARD = gnu99;
				GCC_DYNAMIC_NO_PIC = NO;
				GCC_NO_COMMON_BLOCKS = YES;
				GCC_OPTIMIZATION_LEVEL = 0;
				GCC_PREPROCESSOR_DEFINITIONS = (
					"DEBUG=1",
					"$(inherited)",
				);
				GCC_WARN_64_TO_32_BIT_CONVERSION = YES;
				GCC_WARN_ABOUT_RETURN_TYPE = YES_ERROR;
				GCC_WARN_UNDECLARED_SELECTOR = YES;
				GCC_WARN_UNINITIALIZED_AUTOS = YES_AGGRESSIVE;
				GCC_WARN_UNUSED_FUNCTION = YES;
				GCC_WARN_UNUSED_VARIABLE = YES;
				IPHONEOS_DEPLOYMENT_TARGET = 9.2;
				MTL_ENABLE_DEBUG_INFO = YES;
				ONLY_ACTIVE_ARCH = YES;
				SDKROOT = iphoneos;
				SWIFT_OPTIMIZATION_LEVEL = "-Onone";
			};
			name = Debug;
		};
		AF39AAD11C6E19F8001D2291 /* Release */ = {
			isa = XCBuildConfiguration;
			buildSettings = {
				ALWAYS_SEARCH_USER_PATHS = NO;
				CLANG_CXX_LANGUAGE_STANDARD = "gnu++0x";
				CLANG_CXX_LIBRARY = "libc++";
				CLANG_ENABLE_MODULES = YES;
				CLANG_ENABLE_OBJC_ARC = YES;
				CLANG_WARN_BOOL_CONVERSION = YES;
				CLANG_WARN_CONSTANT_CONVERSION = YES;
				CLANG_WARN_DIRECT_OBJC_ISA_USAGE = YES_ERROR;
				CLANG_WARN_EMPTY_BODY = YES;
				CLANG_WARN_ENUM_CONVERSION = YES;
				CLANG_WARN_INT_CONVERSION = YES;
				CLANG_WARN_OBJC_ROOT_CLASS = YES_ERROR;
				CLANG_WARN_UNREACHABLE_CODE = YES;
				CLANG_WARN__DUPLICATE_METHOD_MATCH = YES;
				"CODE_SIGN_IDENTITY[sdk=iphoneos*]" = "iPhone Developer";
				COPY_PHASE_STRIP = NO;
				DEBUG_INFORMATION_FORMAT = "dwarf-with-dsym";
				ENABLE_NS_ASSERTIONS = NO;
				ENABLE_STRICT_OBJC_MSGSEND = YES;
				GCC_C_LANGUAGE_STANDARD = gnu99;
				GCC_NO_COMMON_BLOCKS = YES;
				GCC_WARN_64_TO_32_BIT_CONVERSION = YES;
				GCC_WARN_ABOUT_RETURN_TYPE = YES_ERROR;
				GCC_WARN_UNDECLARED_SELECTOR = YES;
				GCC_WARN_UNINITIALIZED_AUTOS = YES_AGGRESSIVE;
				GCC_WARN_UNUSED_FUNCTION = YES;
				GCC_WARN_UNUSED_VARIABLE = YES;
				IPHONEOS_DEPLOYMENT_TARGET = 9.2;
				MTL_ENABLE_DEBUG_INFO = NO;
				SDKROOT = iphoneos;
				VALIDATE_PRODUCT = YES;
			};
			name = Release;
		};
		AF39AAD31C6E19F8001D2291 /* Debug */ = {
			isa = XCBuildConfiguration;
			baseConfigurationReference = ED4232906E88D11ADE8121C3 /* Pods-Pedagochi.debug.xcconfig */;
			buildSettings = {
				ASSETCATALOG_COMPILER_APPICON_NAME = AppIcon;
				CODE_SIGN_ENTITLEMENTS = Pedagochi/Pedagochi.entitlements;
				CODE_SIGN_IDENTITY = "iPhone Developer";
				"CODE_SIGN_IDENTITY[sdk=iphoneos*]" = "iPhone Developer";
				EMBEDDED_CONTENT_CONTAINS_SWIFT = YES;
				INFOPLIST_FILE = Pedagochi/Info.plist;
				LD_RUNPATH_SEARCH_PATHS = "$(inherited) @executable_path/Frameworks";
				PRODUCT_BUNDLE_IDENTIFIER = com.imperial.tobi.Pedagochi;
				PRODUCT_NAME = "$(TARGET_NAME)";
				PROVISIONING_PROFILE = "";
				SWIFT_OBJC_BRIDGING_HEADER = "/Users/lanre/Desktop/Tobi Swift/Pedagochi-Firebase/Pedagochi/Pedagochi-Bridging-Header.h";
			};
			name = Debug;
		};
		AF39AAD41C6E19F8001D2291 /* Release */ = {
			isa = XCBuildConfiguration;
			baseConfigurationReference = A3F40E11B441001946884D9C /* Pods-Pedagochi.release.xcconfig */;
			buildSettings = {
				ASSETCATALOG_COMPILER_APPICON_NAME = AppIcon;
				CODE_SIGN_ENTITLEMENTS = Pedagochi/Pedagochi.entitlements;
				CODE_SIGN_IDENTITY = "iPhone Developer";
				"CODE_SIGN_IDENTITY[sdk=iphoneos*]" = "iPhone Developer";
				EMBEDDED_CONTENT_CONTAINS_SWIFT = YES;
				INFOPLIST_FILE = Pedagochi/Info.plist;
				LD_RUNPATH_SEARCH_PATHS = "$(inherited) @executable_path/Frameworks";
				PRODUCT_BUNDLE_IDENTIFIER = com.imperial.tobi.Pedagochi;
				PRODUCT_NAME = "$(TARGET_NAME)";
				PROVISIONING_PROFILE = "";
				SWIFT_OBJC_BRIDGING_HEADER = "/Users/lanre/Desktop/Tobi Swift/Pedagochi-Firebase/Pedagochi/Pedagochi-Bridging-Header.h";
			};
			name = Release;
		};
		F7CE559E1CADE878008BAABC /* Debug */ = {
			isa = XCBuildConfiguration;
			buildSettings = {
				ASSETCATALOG_COMPILER_APPICON_NAME = AppIcon;
				CLANG_ANALYZER_NONNULL = YES;
				CODE_SIGN_IDENTITY = "iPhone Developer";
				"CODE_SIGN_IDENTITY[sdk=iphoneos*]" = "iPhone Developer";
				"CODE_SIGN_IDENTITY[sdk=watchos*]" = "iPhone Developer";
				EMBEDDED_CONTENT_CONTAINS_SWIFT = YES;
				IBSC_MODULE = PedagochiWatch_Extension;
				INFOPLIST_FILE = PedagochiWatch/Info.plist;
				PRODUCT_BUNDLE_IDENTIFIER = com.imperial.tobi.Pedagochi.watchkitapp;
				PRODUCT_NAME = "$(TARGET_NAME)";
				PROVISIONING_PROFILE = "";
				SDKROOT = watchos;
				SKIP_INSTALL = YES;
				TARGETED_DEVICE_FAMILY = 4;
				WATCHOS_DEPLOYMENT_TARGET = 2.2;
			};
			name = Debug;
		};
		F7CE559F1CADE878008BAABC /* Release */ = {
			isa = XCBuildConfiguration;
			buildSettings = {
				ASSETCATALOG_COMPILER_APPICON_NAME = AppIcon;
				CLANG_ANALYZER_NONNULL = YES;
				CODE_SIGN_IDENTITY = "iPhone Developer";
				"CODE_SIGN_IDENTITY[sdk=iphoneos*]" = "iPhone Developer";
				"CODE_SIGN_IDENTITY[sdk=watchos*]" = "iPhone Developer";
				EMBEDDED_CONTENT_CONTAINS_SWIFT = YES;
				IBSC_MODULE = PedagochiWatch_Extension;
				INFOPLIST_FILE = PedagochiWatch/Info.plist;
				PRODUCT_BUNDLE_IDENTIFIER = com.imperial.tobi.Pedagochi.watchkitapp;
				PRODUCT_NAME = "$(TARGET_NAME)";
				PROVISIONING_PROFILE = "";
				SDKROOT = watchos;
				SKIP_INSTALL = YES;
				TARGETED_DEVICE_FAMILY = 4;
				WATCHOS_DEPLOYMENT_TARGET = 2.2;
			};
			name = Release;
		};
		F7CE55A01CADE878008BAABC /* Debug */ = {
			isa = XCBuildConfiguration;
			baseConfigurationReference = 84CB0E6ED70187BCBBB354DD /* Pods-PedagochiWatch Extension.debug.xcconfig */;
			buildSettings = {
				CLANG_ANALYZER_NONNULL = YES;
				CODE_SIGN_IDENTITY = "iPhone Developer";
				"CODE_SIGN_IDENTITY[sdk=watchos*]" = "iPhone Developer";
				INFOPLIST_FILE = "PedagochiWatch Extension/Info.plist";
				LD_RUNPATH_SEARCH_PATHS = "$(inherited) @executable_path/Frameworks @executable_path/../../Frameworks";
				PRODUCT_BUNDLE_IDENTIFIER = com.imperial.tobi.Pedagochi.watchkitapp.watchkitextension;
				PRODUCT_NAME = "${TARGET_NAME}";
				PROVISIONING_PROFILE = "";
				SDKROOT = watchos;
				SKIP_INSTALL = YES;
				TARGETED_DEVICE_FAMILY = 4;
				WATCHOS_DEPLOYMENT_TARGET = 2.2;
			};
			name = Debug;
		};
		F7CE55A11CADE878008BAABC /* Release */ = {
			isa = XCBuildConfiguration;
			baseConfigurationReference = 6BEBA46331021302C924C73F /* Pods-PedagochiWatch Extension.release.xcconfig */;
			buildSettings = {
				CLANG_ANALYZER_NONNULL = YES;
				CODE_SIGN_IDENTITY = "iPhone Developer";
				"CODE_SIGN_IDENTITY[sdk=watchos*]" = "iPhone Developer";
				INFOPLIST_FILE = "PedagochiWatch Extension/Info.plist";
				LD_RUNPATH_SEARCH_PATHS = "$(inherited) @executable_path/Frameworks @executable_path/../../Frameworks";
				PRODUCT_BUNDLE_IDENTIFIER = com.imperial.tobi.Pedagochi.watchkitapp.watchkitextension;
				PRODUCT_NAME = "${TARGET_NAME}";
				PROVISIONING_PROFILE = "";
				SDKROOT = watchos;
				SKIP_INSTALL = YES;
				TARGETED_DEVICE_FAMILY = 4;
				WATCHOS_DEPLOYMENT_TARGET = 2.2;
			};
			name = Release;
		};
/* End XCBuildConfiguration section */

/* Begin XCConfigurationList section */
		AF39AABB1C6E19F8001D2291 /* Build configuration list for PBXProject "Pedagochi" */ = {
			isa = XCConfigurationList;
			buildConfigurations = (
				AF39AAD01C6E19F8001D2291 /* Debug */,
				AF39AAD11C6E19F8001D2291 /* Release */,
			);
			defaultConfigurationIsVisible = 0;
			defaultConfigurationName = Release;
		};
		AF39AAD21C6E19F8001D2291 /* Build configuration list for PBXNativeTarget "Pedagochi" */ = {
			isa = XCConfigurationList;
			buildConfigurations = (
				AF39AAD31C6E19F8001D2291 /* Debug */,
				AF39AAD41C6E19F8001D2291 /* Release */,
			);
			defaultConfigurationIsVisible = 0;
			defaultConfigurationName = Release;
		};
		F7CE55A21CADE878008BAABC /* Build configuration list for PBXNativeTarget "PedagochiWatch Extension" */ = {
			isa = XCConfigurationList;
			buildConfigurations = (
				F7CE55A01CADE878008BAABC /* Debug */,
				F7CE55A11CADE878008BAABC /* Release */,
			);
			defaultConfigurationIsVisible = 0;
			defaultConfigurationName = Release;
		};
		F7CE55A41CADE878008BAABC /* Build configuration list for PBXNativeTarget "PedagochiWatch" */ = {
			isa = XCConfigurationList;
			buildConfigurations = (
				F7CE559E1CADE878008BAABC /* Debug */,
				F7CE559F1CADE878008BAABC /* Release */,
			);
			defaultConfigurationIsVisible = 0;
			defaultConfigurationName = Release;
		};
/* End XCConfigurationList section */
	};
	rootObject = AF39AAB81C6E19F8001D2291 /* Project object */;
}
